
Microsoft Visual Studio Solution File, Format Version 12.00
# Visual Studio 2013
VisualStudioVersion = 12.0.31101.0
MinimumVisualStudioVersion = 10.0.40219.1
Project("{FAE04EC0-301F-11D3-BF4B-00C04F79EFBC}") = "TextField", "TextField\TextField\TextField.csproj", "{00941F2E-6141-44B6-8926-B27F3B2F293B}"
EndProject
Project("{FAE04EC0-301F-11D3-BF4B-00C04F79EFBC}") = "TextField.WinPhone", "TextField\TextField.WinPhone\TextField.WinPhone.csproj", "{50F23BD0-4B74-4A93-953D-BE3B1C84D3D1}"
EndProject
Project("{FAE04EC0-301F-11D3-BF4B-00C04F79EFBC}") = "TextField.Droid", "TextField\TextField.Droid\TextField.Droid.csproj", "{005318BB-112A-45A2-ACD9-68DF6CCAF67F}"
EndProject
Project("{FAE04EC0-301F-11D3-BF4B-00C04F79EFBC}") = "TextField.iOS", "TextField\TextField.iOS\TextField.iOS.csproj", "{9A76A729-D93A-4045-BDE2-723ED88F349D}"
EndProject
Global
	GlobalSection(SolutionConfigurationPlatforms) = preSolution
		Ad-Hoc|Any CPU = Ad-Hoc|Any CPU
		Ad-Hoc|ARM = Ad-Hoc|ARM
		Ad-Hoc|iPhone = Ad-Hoc|iPhone
		Ad-Hoc|iPhoneSimulator = Ad-Hoc|iPhoneSimulator
		Ad-Hoc|Mixed Platforms = Ad-Hoc|Mixed Platforms
		Ad-Hoc|x86 = Ad-Hoc|x86
		AppStore|Any CPU = AppStore|Any CPU
		AppStore|ARM = AppStore|ARM
		AppStore|iPhone = AppStore|iPhone
		AppStore|iPhoneSimulator = AppStore|iPhoneSimulator
		AppStore|Mixed Platforms = AppStore|Mixed Platforms
		AppStore|x86 = AppStore|x86
		Debug|Any CPU = Debug|Any CPU
		Debug|ARM = Debug|ARM
		Debug|iPhone = Debug|iPhone
		Debug|iPhoneSimulator = Debug|iPhoneSimulator
		Debug|Mixed Platforms = Debug|Mixed Platforms
		Debug|x86 = Debug|x86
		Release|Any CPU = Release|Any CPU
		Release|ARM = Release|ARM
		Release|iPhone = Release|iPhone
		Release|iPhoneSimulator = Release|iPhoneSimulator
		Release|Mixed Platforms = Release|Mixed Platforms
		Release|x86 = Release|x86
	EndGlobalSection
	GlobalSection(ProjectConfigurationPlatforms) = postSolution
		{00941F2E-6141-44B6-8926-B27F3B2F293B}.Ad-Hoc|Any CPU.ActiveCfg = Release|Any CPU
		{00941F2E-6141-44B6-8926-B27F3B2F293B}.Ad-Hoc|Any CPU.Build.0 = Release|Any CPU
		{00941F2E-6141-44B6-8926-B27F3B2F293B}.Ad-Hoc|ARM.ActiveCfg = Release|Any CPU
		{00941F2E-6141-44B6-8926-B27F3B2F293B}.Ad-Hoc|iPhone.ActiveCfg = Release|Any CPU
		{00941F2E-6141-44B6-8926-B27F3B2F293B}.Ad-Hoc|iPhoneSimulator.ActiveCfg = Release|Any CPU
		{00941F2E-6141-44B6-8926-B27F3B2F293B}.Ad-Hoc|Mixed Platforms.ActiveCfg = Release|Any CPU
		{00941F2E-6141-44B6-8926-B27F3B2F293B}.Ad-Hoc|Mixed Platforms.Build.0 = Release|Any CPU
		{00941F2E-6141-44B6-8926-B27F3B2F293B}.Ad-Hoc|x86.ActiveCfg = Release|Any CPU
		{00941F2E-6141-44B6-8926-B27F3B2F293B}.AppStore|Any CPU.ActiveCfg = Release|Any CPU
		{00941F2E-6141-44B6-8926-B27F3B2F293B}.AppStore|Any CPU.Build.0 = Release|Any CPU
		{00941F2E-6141-44B6-8926-B27F3B2F293B}.AppStore|ARM.ActiveCfg = Release|Any CPU
		{00941F2E-6141-44B6-8926-B27F3B2F293B}.AppStore|iPhone.ActiveCfg = Release|Any CPU
		{00941F2E-6141-44B6-8926-B27F3B2F293B}.AppStore|iPhoneSimulator.ActiveCfg = Release|Any CPU
		{00941F2E-6141-44B6-8926-B27F3B2F293B}.AppStore|Mixed Platforms.ActiveCfg = Release|Any CPU
		{00941F2E-6141-44B6-8926-B27F3B2F293B}.AppStore|Mixed Platforms.Build.0 = Release|Any CPU
		{00941F2E-6141-44B6-8926-B27F3B2F293B}.AppStore|x86.ActiveCfg = Release|Any CPU
		{00941F2E-6141-44B6-8926-B27F3B2F293B}.Debug|Any CPU.ActiveCfg = Debug|Any CPU
		{00941F2E-6141-44B6-8926-B27F3B2F293B}.Debug|Any CPU.Build.0 = Debug|Any CPU
		{00941F2E-6141-44B6-8926-B27F3B2F293B}.Debug|ARM.ActiveCfg = Debug|Any CPU
		{00941F2E-6141-44B6-8926-B27F3B2F293B}.Debug|iPhone.ActiveCfg = Debug|Any CPU
		{00941F2E-6141-44B6-8926-B27F3B2F293B}.Debug|iPhoneSimulator.ActiveCfg = Debug|Any CPU
		{00941F2E-6141-44B6-8926-B27F3B2F293B}.Debug|Mixed Platforms.ActiveCfg = Debug|Any CPU
		{00941F2E-6141-44B6-8926-B27F3B2F293B}.Debug|Mixed Platforms.Build.0 = Debug|Any CPU
		{00941F2E-6141-44B6-8926-B27F3B2F293B}.Debug|x86.ActiveCfg = Debug|Any CPU
		{00941F2E-6141-44B6-8926-B27F3B2F293B}.Release|Any CPU.ActiveCfg = Release|Any CPU
		{00941F2E-6141-44B6-8926-B27F3B2F293B}.Release|Any CPU.Build.0 = Release|Any CPU
		{00941F2E-6141-44B6-8926-B27F3B2F293B}.Release|ARM.ActiveCfg = Release|Any CPU
		{00941F2E-6141-44B6-8926-B27F3B2F293B}.Release|iPhone.ActiveCfg = Release|Any CPU
		{00941F2E-6141-44B6-8926-B27F3B2F293B}.Release|iPhoneSimulator.ActiveCfg = Release|Any CPU
		{00941F2E-6141-44B6-8926-B27F3B2F293B}.Release|Mixed Platforms.ActiveCfg = Release|Any CPU
		{00941F2E-6141-44B6-8926-B27F3B2F293B}.Release|Mixed Platforms.Build.0 = Release|Any CPU
		{00941F2E-6141-44B6-8926-B27F3B2F293B}.Release|x86.ActiveCfg = Release|Any CPU
		{50F23BD0-4B74-4A93-953D-BE3B1C84D3D1}.Ad-Hoc|Any CPU.ActiveCfg = Release|Any CPU
		{50F23BD0-4B74-4A93-953D-BE3B1C84D3D1}.Ad-Hoc|Any CPU.Build.0 = Release|Any CPU
		{50F23BD0-4B74-4A93-953D-BE3B1C84D3D1}.Ad-Hoc|Any CPU.Deploy.0 = Release|Any CPU
		{50F23BD0-4B74-4A93-953D-BE3B1C84D3D1}.Ad-Hoc|ARM.ActiveCfg = Release|ARM
		{50F23BD0-4B74-4A93-953D-BE3B1C84D3D1}.Ad-Hoc|ARM.Build.0 = Release|ARM
		{50F23BD0-4B74-4A93-953D-BE3B1C84D3D1}.Ad-Hoc|ARM.Deploy.0 = Release|ARM
		{50F23BD0-4B74-4A93-953D-BE3B1C84D3D1}.Ad-Hoc|iPhone.ActiveCfg = Release|Any CPU
		{50F23BD0-4B74-4A93-953D-BE3B1C84D3D1}.Ad-Hoc|iPhoneSimulator.ActiveCfg = Release|Any CPU
		{50F23BD0-4B74-4A93-953D-BE3B1C84D3D1}.Ad-Hoc|Mixed Platforms.ActiveCfg = Release|x86
		{50F23BD0-4B74-4A93-953D-BE3B1C84D3D1}.Ad-Hoc|Mixed Platforms.Build.0 = Release|x86
		{50F23BD0-4B74-4A93-953D-BE3B1C84D3D1}.Ad-Hoc|Mixed Platforms.Deploy.0 = Release|x86
		{50F23BD0-4B74-4A93-953D-BE3B1C84D3D1}.Ad-Hoc|x86.ActiveCfg = Release|x86
		{50F23BD0-4B74-4A93-953D-BE3B1C84D3D1}.Ad-Hoc|x86.Build.0 = Release|x86
		{50F23BD0-4B74-4A93-953D-BE3B1C84D3D1}.Ad-Hoc|x86.Deploy.0 = Release|x86
		{50F23BD0-4B74-4A93-953D-BE3B1C84D3D1}.AppStore|Any CPU.ActiveCfg = Release|Any CPU
		{50F23BD0-4B74-4A93-953D-BE3B1C84D3D1}.AppStore|Any CPU.Build.0 = Release|Any CPU
		{50F23BD0-4B74-4A93-953D-BE3B1C84D3D1}.AppStore|Any CPU.Deploy.0 = Release|Any CPU
		{50F23BD0-4B74-4A93-953D-BE3B1C84D3D1}.AppStore|ARM.ActiveCfg = Release|ARM
		{50F23BD0-4B74-4A93-953D-BE3B1C84D3D1}.AppStore|ARM.Build.0 = Release|ARM
		{50F23BD0-4B74-4A93-953D-BE3B1C84D3D1}.AppStore|ARM.Deploy.0 = Release|ARM
		{50F23BD0-4B74-4A93-953D-BE3B1C84D3D1}.AppStore|iPhone.ActiveCfg = Release|Any CPU
		{50F23BD0-4B74-4A93-953D-BE3B1C84D3D1}.AppStore|iPhoneSimulator.ActiveCfg = Release|Any CPU
		{50F23BD0-4B74-4A93-953D-BE3B1C84D3D1}.AppStore|Mixed Platforms.ActiveCfg = Release|x86
		{50F23BD0-4B74-4A93-953D-BE3B1C84D3D1}.AppStore|Mixed Platforms.Build.0 = Release|x86
		{50F23BD0-4B74-4A93-953D-BE3B1C84D3D1}.AppStore|Mixed Platforms.Deploy.0 = Release|x86
		{50F23BD0-4B74-4A93-953D-BE3B1C84D3D1}.AppStore|x86.ActiveCfg = Release|x86
		{50F23BD0-4B74-4A93-953D-BE3B1C84D3D1}.AppStore|x86.Build.0 = Release|x86
		{50F23BD0-4B74-4A93-953D-BE3B1C84D3D1}.AppStore|x86.Deploy.0 = Release|x86
		{50F23BD0-4B74-4A93-953D-BE3B1C84D3D1}.Debug|Any CPU.ActiveCfg = Debug|Any CPU
		{50F23BD0-4B74-4A93-953D-BE3B1C84D3D1}.Debug|Any CPU.Build.0 = Debug|Any CPU
		{50F23BD0-4B74-4A93-953D-BE3B1C84D3D1}.Debug|Any CPU.Deploy.0 = Debug|Any CPU
		{50F23BD0-4B74-4A93-953D-BE3B1C84D3D1}.Debug|ARM.ActiveCfg = Debug|ARM
		{50F23BD0-4B74-4A93-953D-BE3B1C84D3D1}.Debug|ARM.Build.0 = Debug|ARM
		{50F23BD0-4B74-4A93-953D-BE3B1C84D3D1}.Debug|ARM.Deploy.0 = Debug|ARM
		{50F23BD0-4B74-4A93-953D-BE3B1C84D3D1}.Debug|iPhone.ActiveCfg = Debug|Any CPU
		{50F23BD0-4B74-4A93-953D-BE3B1C84D3D1}.Debug|iPhoneSimulator.ActiveCfg = Debug|Any CPU
		{50F23BD0-4B74-4A93-953D-BE3B1C84D3D1}.Debug|Mixed Platforms.ActiveCfg = Debug|x86
		{50F23BD0-4B74-4A93-953D-BE3B1C84D3D1}.Debug|Mixed Platforms.Build.0 = Debug|x86
		{50F23BD0-4B74-4A93-953D-BE3B1C84D3D1}.Debug|Mixed Platforms.Deploy.0 = Debug|x86
		{50F23BD0-4B74-4A93-953D-BE3B1C84D3D1}.Debug|x86.ActiveCfg = Debug|x86
		{50F23BD0-4B74-4A93-953D-BE3B1C84D3D1}.Debug|x86.Build.0 = Debug|x86
		{50F23BD0-4B74-4A93-953D-BE3B1C84D3D1}.Debug|x86.Deploy.0 = Debug|x86
		{50F23BD0-4B74-4A93-953D-BE3B1C84D3D1}.Release|Any CPU.ActiveCfg = Release|Any CPU
		{50F23BD0-4B74-4A93-953D-BE3B1C84D3D1}.Release|Any CPU.Build.0 = Release|Any CPU
		{50F23BD0-4B74-4A93-953D-BE3B1C84D3D1}.Release|Any CPU.Deploy.0 = Release|Any CPU
		{50F23BD0-4B74-4A93-953D-BE3B1C84D3D1}.Release|ARM.ActiveCfg = Release|ARM
		{50F23BD0-4B74-4A93-953D-BE3B1C84D3D1}.Release|ARM.Build.0 = Release|ARM
		{50F23BD0-4B74-4A93-953D-BE3B1C84D3D1}.Release|ARM.Deploy.0 = Release|ARM
		{50F23BD0-4B74-4A93-953D-BE3B1C84D3D1}.Release|iPhone.ActiveCfg = Release|Any CPU
		{50F23BD0-4B74-4A93-953D-BE3B1C84D3D1}.Release|iPhoneSimulator.ActiveCfg = Release|Any CPU
		{50F23BD0-4B74-4A93-953D-BE3B1C84D3D1}.Release|Mixed Platforms.ActiveCfg = Release|x86
		{50F23BD0-4B74-4A93-953D-BE3B1C84D3D1}.Release|Mixed Platforms.Build.0 = Release|x86
		{50F23BD0-4B74-4A93-953D-BE3B1C84D3D1}.Release|Mixed Platforms.Deploy.0 = Release|x86
		{50F23BD0-4B74-4A93-953D-BE3B1C84D3D1}.Release|x86.ActiveCfg = Release|x86
		{50F23BD0-4B74-4A93-953D-BE3B1C84D3D1}.Release|x86.Build.0 = Release|x86
		{50F23BD0-4B74-4A93-953D-BE3B1C84D3D1}.Release|x86.Deploy.0 = Release|x86
		{005318BB-112A-45A2-ACD9-68DF6CCAF67F}.Ad-Hoc|Any CPU.ActiveCfg = Release|Any CPU
		{005318BB-112A-45A2-ACD9-68DF6CCAF67F}.Ad-Hoc|Any CPU.Build.0 = Release|Any CPU
		{005318BB-112A-45A2-ACD9-68DF6CCAF67F}.Ad-Hoc|Any CPU.Deploy.0 = Release|Any CPU
		{005318BB-112A-45A2-ACD9-68DF6CCAF67F}.Ad-Hoc|ARM.ActiveCfg = Release|Any CPU
		{005318BB-112A-45A2-ACD9-68DF6CCAF67F}.Ad-Hoc|iPhone.ActiveCfg = Release|Any CPU
		{005318BB-112A-45A2-ACD9-68DF6CCAF67F}.Ad-Hoc|iPhoneSimulator.ActiveCfg = Release|Any CPU
		{005318BB-112A-45A2-ACD9-68DF6CCAF67F}.Ad-Hoc|Mixed Platforms.ActiveCfg = Release|Any CPU
		{005318BB-112A-45A2-ACD9-68DF6CCAF67F}.Ad-Hoc|Mixed Platforms.Build.0 = Release|Any CPU
		{005318BB-112A-45A2-ACD9-68DF6CCAF67F}.Ad-Hoc|Mixed Platforms.Deploy.0 = Release|Any CPU
		{005318BB-112A-45A2-ACD9-68DF6CCAF67F}.Ad-Hoc|x86.ActiveCfg = Release|Any CPU
		{005318BB-112A-45A2-ACD9-68DF6CCAF67F}.AppStore|Any CPU.ActiveCfg = Release|Any CPU
		{005318BB-112A-45A2-ACD9-68DF6CCAF67F}.AppStore|Any CPU.Build.0 = Release|Any CPU
		{005318BB-112A-45A2-ACD9-68DF6CCAF67F}.AppStore|Any CPU.Deploy.0 = Release|Any CPU
		{005318BB-112A-45A2-ACD9-68DF6CCAF67F}.AppStore|ARM.ActiveCfg = Release|Any CPU
		{005318BB-112A-45A2-ACD9-68DF6CCAF67F}.AppStore|iPhone.ActiveCfg = Release|Any CPU
		{005318BB-112A-45A2-ACD9-68DF6CCAF67F}.AppStore|iPhoneSimulator.ActiveCfg = Release|Any CPU
		{005318BB-112A-45A2-ACD9-68DF6CCAF67F}.AppStore|Mixed Platforms.ActiveCfg = Release|Any CPU
		{005318BB-112A-45A2-ACD9-68DF6CCAF67F}.AppStore|Mixed Platforms.Build.0 = Release|Any CPU
		{005318BB-112A-45A2-ACD9-68DF6CCAF67F}.AppStore|Mixed Platforms.Deploy.0 = Release|Any CPU
		{005318BB-112A-45A2-ACD9-68DF6CCAF67F}.AppStore|x86.ActiveCfg = Release|Any CPU
		{005318BB-112A-45A2-ACD9-68DF6CCAF67F}.Debug|Any CPU.ActiveCfg = Debug|Any CPU
		{005318BB-112A-45A2-ACD9-68DF6CCAF67F}.Debug|Any CPU.Build.0 = Debug|Any CPU
		{005318BB-112A-45A2-ACD9-68DF6CCAF67F}.Debug|Any CPU.Deploy.0 = Debug|Any CPU
		{005318BB-112A-45A2-ACD9-68DF6CCAF67F}.Debug|ARM.ActiveCfg = Debug|Any CPU
		{005318BB-112A-45A2-ACD9-68DF6CCAF67F}.Debug|iPhone.ActiveCfg = Debug|Any CPU
		{005318BB-112A-45A2-ACD9-68DF6CCAF67F}.Debug|iPhoneSimulator.ActiveCfg = Debug|Any CPU
		{005318BB-112A-45A2-ACD9-68DF6CCAF67F}.Debug|Mixed Platforms.ActiveCfg = Debug|Any CPU
		{005318BB-112A-45A2-ACD9-68DF6CCAF67F}.Debug|Mixed Platforms.Build.0 = Debug|Any CPU
		{005318BB-112A-45A2-ACD9-68DF6CCAF67F}.Debug|Mixed Platforms.Deploy.0 = Debug|Any CPU
		{005318BB-112A-45A2-ACD9-68DF6CCAF67F}.Debug|x86.ActiveCfg = Debug|Any CPU
		{005318BB-112A-45A2-ACD9-68DF6CCAF67F}.Release|Any CPU.ActiveCfg = Release|Any CPU
		{005318BB-112A-45A2-ACD9-68DF6CCAF67F}.Release|Any CPU.Build.0 = Release|Any CPU
		{005318BB-112A-45A2-ACD9-68DF6CCAF67F}.Release|Any CPU.Deploy.0 = Release|Any CPU
		{005318BB-112A-45A2-ACD9-68DF6CCAF67F}.Release|ARM.ActiveCfg = Release|Any CPU
		{005318BB-112A-45A2-ACD9-68DF6CCAF67F}.Release|iPhone.ActiveCfg = Release|Any CPU
		{005318BB-112A-45A2-ACD9-68DF6CCAF67F}.Release|iPhoneSimulator.ActiveCfg = Release|Any CPU
		{005318BB-112A-45A2-ACD9-68DF6CCAF67F}.Release|Mixed Platforms.ActiveCfg = Release|Any CPU
		{005318BB-112A-45A2-ACD9-68DF6CCAF67F}.Release|Mixed Platforms.Build.0 = Release|Any CPU
		{005318BB-112A-45A2-ACD9-68DF6CCAF67F}.Release|Mixed Platforms.Deploy.0 = Release|Any CPU
		{005318BB-112A-45A2-ACD9-68DF6CCAF67F}.Release|x86.ActiveCfg = Release|Any CPU
		{9A76A729-D93A-4045-BDE2-723ED88F349D}.Ad-Hoc|Any CPU.ActiveCfg = Ad-Hoc|iPhone
		{9A76A729-D93A-4045-BDE2-723ED88F349D}.Ad-Hoc|ARM.ActiveCfg = Ad-Hoc|iPhone
		{9A76A729-D93A-4045-BDE2-723ED88F349D}.Ad-Hoc|iPhone.ActiveCfg = Ad-Hoc|iPhone
		{9A76A729-D93A-4045-BDE2-723ED88F349D}.Ad-Hoc|iPhone.Build.0 = Ad-Hoc|iPhone
		{9A76A729-D93A-4045-BDE2-723ED88F349D}.Ad-Hoc|iPhoneSimulator.ActiveCfg = Ad-Hoc|iPhoneSimulator
		{9A76A729-D93A-4045-BDE2-723ED88F349D}.Ad-Hoc|iPhoneSimulator.Build.0 = Ad-Hoc|iPhoneSimulator
		{9A76A729-D93A-4045-BDE2-723ED88F349D}.Ad-Hoc|Mixed Platforms.ActiveCfg = Ad-Hoc|iPhone
		{9A76A729-D93A-4045-BDE2-723ED88F349D}.Ad-Hoc|Mixed Platforms.Build.0 = Ad-Hoc|iPhone
		{9A76A729-D93A-4045-BDE2-723ED88F349D}.Ad-Hoc|x86.ActiveCfg = Ad-Hoc|iPhone
		{9A76A729-D93A-4045-BDE2-723ED88F349D}.AppStore|Any CPU.ActiveCfg = AppStore|iPhone
		{9A76A729-D93A-4045-BDE2-723ED88F349D}.AppStore|ARM.ActiveCfg = AppStore|iPhone
		{9A76A729-D93A-4045-BDE2-723ED88F349D}.AppStore|iPhone.ActiveCfg = AppStore|iPhone
		{9A76A729-D93A-4045-BDE2-723ED88F349D}.AppStore|iPhone.Build.0 = AppStore|iPhone
		{9A76A729-D93A-4045-BDE2-723ED88F349D}.AppStore|iPhoneSimulator.ActiveCfg = AppStore|iPhoneSimulator
		{9A76A729-D93A-4045-BDE2-723ED88F349D}.AppStore|iPhoneSimulator.Build.0 = AppStore|iPhoneSimulator
		{9A76A729-D93A-4045-BDE2-723ED88F349D}.AppStore|Mixed Platforms.ActiveCfg = AppStore|iPhone
		{9A76A729-D93A-4045-BDE2-723ED88F349D}.AppStore|Mixed Platforms.Build.0 = AppStore|iPhone
		{9A76A729-D93A-4045-BDE2-723ED88F349D}.AppStore|x86.ActiveCfg = AppStore|iPhone
		{9A76A729-D93A-4045-BDE2-723ED88F349D}.Debug|Any CPU.ActiveCfg = Debug|iPhone
		{9A76A729-D93A-4045-BDE2-723ED88F349D}.Debug|ARM.ActiveCfg = Debug|iPhone
		{9A76A729-D93A-4045-BDE2-723ED88F349D}.Debug|iPhone.ActiveCfg = Debug|iPhone
		{9A76A729-D93A-4045-BDE2-723ED88F349D}.Debug|iPhone.Build.0 = Debug|iPhone
		{9A76A729-D93A-4045-BDE2-723ED88F349D}.Debug|iPhoneSimulator.ActiveCfg = Debug|iPhoneSimulator
		{9A76A729-D93A-4045-BDE2-723ED88F349D}.Debug|iPhoneSimulator.Build.0 = Debug|iPhoneSimulator
		{9A76A729-D93A-4045-BDE2-723ED88F349D}.Debug|Mixed Platforms.ActiveCfg = Debug|iPhone
		{9A76A729-D93A-4045-BDE2-723ED88F349D}.Debug|Mixed Platforms.Build.0 = Debug|iPhone
		{9A76A729-D93A-4045-BDE2-723ED88F349D}.Debug|x86.ActiveCfg = Debug|iPhone
		{9A76A729-D93A-4045-BDE2-723ED88F349D}.Release|Any CPU.ActiveCfg = Release|iPhone
		{9A76A729-D93A-4045-BDE2-723ED88F349D}.Release|ARM.ActiveCfg = Release|iPhone
		{9A76A729-D93A-4045-BDE2-723ED88F349D}.Release|iPhone.ActiveCfg = Release|iPhone
		{9A76A729-D93A-4045-BDE2-723ED88F349D}.Release|iPhone.Build.0 = Release|iPhone
		{9A76A729-D93A-4045-BDE2-723ED88F349D}.Release|iPhoneSimulator.ActiveCfg = Release|iPhoneSimulator
		{9A76A729-D93A-4045-BDE2-723ED88F349D}.Release|iPhoneSimulator.Build.0 = Release|iPhoneSimulator
		{9A76A729-D93A-4045-BDE2-723ED88F349D}.Release|Mixed Platforms.ActiveCfg = Release|iPhone
		{9A76A729-D93A-4045-BDE2-723ED88F349D}.Release|Mixed Platforms.Build.0 = Release|iPhone
		{9A76A729-D93A-4045-BDE2-723ED88F349D}.Release|x86.ActiveCfg = Release|iPhone
	EndGlobalSection
	GlobalSection(SolutionProperties) = preSolution
		HideSolutionNode = FALSE
	EndGlobalSection
EndGlobal
