
Microsoft Visual Studio Solution File, Format Version 12.00
# Visual Studio 2012
Project("{FAE04EC0-301F-11D3-BF4B-00C04F79EFBC}") = "MultipleViewports.iOS", "MultipleViewports\MultipleViewports.iOS\MultipleViewports.iOS.csproj", "{8F7FD630-C21F-4C70-B633-CBABC7FF34A2}"
EndProject
Project("{FAE04EC0-301F-11D3-BF4B-00C04F79EFBC}") = "MultipleViewports.Android", "MultipleViewports\MultipleViewports.Android\MultipleViewports.Android.csproj", "{7A5FDFE0-BF95-41AE-9C5B-1D0B2CD3EF3F}"
EndProject
Project("{FAE04EC0-301F-11D3-BF4B-00C04F79EFBC}") = "MultipleViewports.Common", "MultipleViewports\MultipleViewports.Common\MultipleViewports.Common.csproj", "{254DA407-125E-4737-ABC8-7257F3E88CC4}"
EndProject
Global
	GlobalSection(SolutionConfigurationPlatforms) = preSolution
		Debug|iPhoneSimulator = Debug|iPhoneSimulator
		Release|iPhoneSimulator = Release|iPhoneSimulator
		Debug|iPhone = Debug|iPhone
		Release|iPhone = Release|iPhone
		Ad-Hoc|iPhone = Ad-Hoc|iPhone
		AppStore|iPhone = AppStore|iPhone
		Debug|Any CPU = Debug|Any CPU
		Release|Any CPU = Release|Any CPU
	EndGlobalSection
	GlobalSection(ProjectConfigurationPlatforms) = postSolution
		{254DA407-125E-4737-ABC8-7257F3E88CC4}.Ad-Hoc|iPhone.ActiveCfg = Release|Any CPU
		{254DA407-125E-4737-ABC8-7257F3E88CC4}.Ad-Hoc|iPhone.Build.0 = Release|Any CPU
		{254DA407-125E-4737-ABC8-7257F3E88CC4}.AppStore|iPhone.ActiveCfg = Release|Any CPU
		{254DA407-125E-4737-ABC8-7257F3E88CC4}.AppStore|iPhone.Build.0 = Release|Any CPU
		{254DA407-125E-4737-ABC8-7257F3E88CC4}.Debug|Any CPU.ActiveCfg = Debug|Any CPU
		{254DA407-125E-4737-ABC8-7257F3E88CC4}.Debug|Any CPU.Build.0 = Debug|Any CPU
		{254DA407-125E-4737-ABC8-7257F3E88CC4}.Debug|iPhone.ActiveCfg = Debug|Any CPU
		{254DA407-125E-4737-ABC8-7257F3E88CC4}.Debug|iPhone.Build.0 = Debug|Any CPU
		{254DA407-125E-4737-ABC8-7257F3E88CC4}.Debug|iPhoneSimulator.ActiveCfg = Debug|Any CPU
		{254DA407-125E-4737-ABC8-7257F3E88CC4}.Debug|iPhoneSimulator.Build.0 = Debug|Any CPU
		{254DA407-125E-4737-ABC8-7257F3E88CC4}.Release|Any CPU.ActiveCfg = Release|Any CPU
		{254DA407-125E-4737-ABC8-7257F3E88CC4}.Release|Any CPU.Build.0 = Release|Any CPU
		{254DA407-125E-4737-ABC8-7257F3E88CC4}.Release|iPhone.ActiveCfg = Release|Any CPU
		{254DA407-125E-4737-ABC8-7257F3E88CC4}.Release|iPhone.Build.0 = Release|Any CPU
		{254DA407-125E-4737-ABC8-7257F3E88CC4}.Release|iPhoneSimulator.ActiveCfg = Release|Any CPU
		{254DA407-125E-4737-ABC8-7257F3E88CC4}.Release|iPhoneSimulator.Build.0 = Release|Any CPU
		{7A5FDFE0-BF95-41AE-9C5B-1D0B2CD3EF3F}.Ad-Hoc|iPhone.ActiveCfg = Release|Any CPU
		{7A5FDFE0-BF95-41AE-9C5B-1D0B2CD3EF3F}.Ad-Hoc|iPhone.Build.0 = Release|Any CPU
		{7A5FDFE0-BF95-41AE-9C5B-1D0B2CD3EF3F}.AppStore|iPhone.ActiveCfg = Release|Any CPU
		{7A5FDFE0-BF95-41AE-9C5B-1D0B2CD3EF3F}.AppStore|iPhone.Build.0 = Release|Any CPU
		{7A5FDFE0-BF95-41AE-9C5B-1D0B2CD3EF3F}.Debug|Any CPU.ActiveCfg = Debug|Any CPU
		{7A5FDFE0-BF95-41AE-9C5B-1D0B2CD3EF3F}.Debug|Any CPU.Build.0 = Debug|Any CPU
		{7A5FDFE0-BF95-41AE-9C5B-1D0B2CD3EF3F}.Debug|iPhone.ActiveCfg = Debug|Any CPU
		{7A5FDFE0-BF95-41AE-9C5B-1D0B2CD3EF3F}.Debug|iPhone.Build.0 = Debug|Any CPU
		{7A5FDFE0-BF95-41AE-9C5B-1D0B2CD3EF3F}.Debug|iPhoneSimulator.ActiveCfg = Debug|Any CPU
		{7A5FDFE0-BF95-41AE-9C5B-1D0B2CD3EF3F}.Debug|iPhoneSimulator.Build.0 = Debug|Any CPU
		{7A5FDFE0-BF95-41AE-9C5B-1D0B2CD3EF3F}.Release|Any CPU.ActiveCfg = Release|Any CPU
		{7A5FDFE0-BF95-41AE-9C5B-1D0B2CD3EF3F}.Release|Any CPU.Build.0 = Release|Any CPU
		{7A5FDFE0-BF95-41AE-9C5B-1D0B2CD3EF3F}.Release|iPhone.ActiveCfg = Release|Any CPU
		{7A5FDFE0-BF95-41AE-9C5B-1D0B2CD3EF3F}.Release|iPhone.Build.0 = Release|Any CPU
		{7A5FDFE0-BF95-41AE-9C5B-1D0B2CD3EF3F}.Release|iPhoneSimulator.ActiveCfg = Release|Any CPU
		{7A5FDFE0-BF95-41AE-9C5B-1D0B2CD3EF3F}.Release|iPhoneSimulator.Build.0 = Release|Any CPU
		{8F7FD630-C21F-4C70-B633-CBABC7FF34A2}.Ad-Hoc|iPhone.ActiveCfg = Ad-Hoc|iPhone
		{8F7FD630-C21F-4C70-B633-CBABC7FF34A2}.Ad-Hoc|iPhone.Build.0 = Ad-Hoc|iPhone
		{8F7FD630-C21F-4C70-B633-CBABC7FF34A2}.AppStore|iPhone.ActiveCfg = AppStore|iPhone
		{8F7FD630-C21F-4C70-B633-CBABC7FF34A2}.AppStore|iPhone.Build.0 = AppStore|iPhone
		{8F7FD630-C21F-4C70-B633-CBABC7FF34A2}.Debug|Any CPU.ActiveCfg = Debug|iPhoneSimulator
		{8F7FD630-C21F-4C70-B633-CBABC7FF34A2}.Debug|Any CPU.Build.0 = Debug|iPhoneSimulator
		{8F7FD630-C21F-4C70-B633-CBABC7FF34A2}.Debug|iPhone.ActiveCfg = Debug|iPhone
		{8F7FD630-C21F-4C70-B633-CBABC7FF34A2}.Debug|iPhone.Build.0 = Debug|iPhone
		{8F7FD630-C21F-4C70-B633-CBABC7FF34A2}.Debug|iPhoneSimulator.ActiveCfg = Debug|iPhoneSimulator
		{8F7FD630-C21F-4C70-B633-CBABC7FF34A2}.Debug|iPhoneSimulator.Build.0 = Debug|iPhoneSimulator
		{8F7FD630-C21F-4C70-B633-CBABC7FF34A2}.Release|Any CPU.ActiveCfg = Release|iPhoneSimulator
		{8F7FD630-C21F-4C70-B633-CBABC7FF34A2}.Release|Any CPU.Build.0 = Release|iPhoneSimulator
		{8F7FD630-C21F-4C70-B633-CBABC7FF34A2}.Release|iPhone.ActiveCfg = Release|iPhone
		{8F7FD630-C21F-4C70-B633-CBABC7FF34A2}.Release|iPhone.Build.0 = Release|iPhone
		{8F7FD630-C21F-4C70-B633-CBABC7FF34A2}.Release|iPhoneSimulator.ActiveCfg = Release|iPhoneSimulator
		{8F7FD630-C21F-4C70-B633-CBABC7FF34A2}.Release|iPhoneSimulator.Build.0 = Release|iPhoneSimulator
	EndGlobalSection
EndGlobal
