
Microsoft Visual Studio Solution File, Format Version 12.00
# Visual Studio 2013
VisualStudioVersion = 12.0.31101.0
MinimumVisualStudioVersion = 10.0.40219.1
Project("{FAE04EC0-301F-11D3-BF4B-00C04F79EFBC}") = "GoneBananasiOS-VS", "GoneBananasiOS\GoneBananasiOS-VS.csproj", "{0F682923-EE76-4240-BBEB-56BF44B82A57}"
EndProject
Project("{FAE04EC0-301F-11D3-BF4B-00C04F79EFBC}") = "GoneBananasAndroid", "GoneBananasAndroid\GoneBananasAndroid.csproj", "{7B89D990-03EA-4FF4-8392-376C08E37161}"
EndProject
Project("{D954291E-2A0B-460D-934E-DC6B0785DB48}") = "GoneBananasShared", "GoneBananasShared\GoneBananasShared.shproj", "{7187ABEC-F6E0-4CF4-8E8C-481DBE6DA18B}"
EndProject
Project("{FAE04EC0-301F-11D3-BF4B-00C04F79EFBC}") = "Lidgren.Network.Android", "..\..\CocosSharp\MonoGame\ThirdParty\Lidgren.Network\Lidgren.Network.Android.csproj", "{565129E0-4EE5-4F6F-B403-C3484C9740BE}"
EndProject
Project("{FAE04EC0-301F-11D3-BF4B-00C04F79EFBC}") = "MonoGame.Framework.Android", "..\..\CocosSharp\MonoGame\MonoGame.Framework\MonoGame.Framework.Android.csproj", "{BA9476CF-99BA-4D03-92F2-73D2C5E58883}"
EndProject
Project("{FAE04EC0-301F-11D3-BF4B-00C04F79EFBC}") = "MonoGame.Framework.Net.Android", "..\..\CocosSharp\MonoGame\MonoGame.Framework\MonoGame.Framework.Net.Android.csproj", "{713EE5CA-C850-42AD-AC67-B6546AC8BFFB}"
EndProject
Project("{FAE04EC0-301F-11D3-BF4B-00C04F79EFBC}") = "box2d.Android", "..\..\CocosSharp\box2d\box2d.Android.csproj", "{B81B6701-7A78-4846-BF6F-04E0591F0F38}"
EndProject
Project("{FAE04EC0-301F-11D3-BF4B-00C04F79EFBC}") = "CocosSharp.Android", "..\..\CocosSharp\src\CocosSharp.Android.csproj", "{64725C5B-A1BC-4974-8538-A1158BABF572}"
EndProject
Global
	GlobalSection(SharedMSBuildProjectFiles) = preSolution
		GoneBananasShared\GoneBananasShared.projitems*{0f682923-ee76-4240-bbeb-56bf44b82a57}*SharedItemsImports = 4
		GoneBananasShared\GoneBananasShared.projitems*{7187abec-f6e0-4cf4-8e8c-481dbe6da18b}*SharedItemsImports = 13
		GoneBananasShared\GoneBananasShared.projitems*{7b89d990-03ea-4ff4-8392-376c08e37161}*SharedItemsImports = 4
	EndGlobalSection
	GlobalSection(SolutionConfigurationPlatforms) = preSolution
		Ad-Hoc|Any CPU = Ad-Hoc|Any CPU
		Ad-Hoc|iPhone = Ad-Hoc|iPhone
		Ad-Hoc|iPhoneSimulator = Ad-Hoc|iPhoneSimulator
		Ad-Hoc|Mixed Platforms = Ad-Hoc|Mixed Platforms
		AppStore|Any CPU = AppStore|Any CPU
		AppStore|iPhone = AppStore|iPhone
		AppStore|iPhoneSimulator = AppStore|iPhoneSimulator
		AppStore|Mixed Platforms = AppStore|Mixed Platforms
		Debug|Any CPU = Debug|Any CPU
		Debug|iPhone = Debug|iPhone
		Debug|iPhoneSimulator = Debug|iPhoneSimulator
		Debug|Mixed Platforms = Debug|Mixed Platforms
		Release|Any CPU = Release|Any CPU
		Release|iPhone = Release|iPhone
		Release|iPhoneSimulator = Release|iPhoneSimulator
		Release|Mixed Platforms = Release|Mixed Platforms
	EndGlobalSection
	GlobalSection(ProjectConfigurationPlatforms) = postSolution
		{0F682923-EE76-4240-BBEB-56BF44B82A57}.Ad-Hoc|Any CPU.ActiveCfg = Ad-Hoc|iPhoneSimulator
		{0F682923-EE76-4240-BBEB-56BF44B82A57}.Ad-Hoc|iPhone.ActiveCfg = Ad-Hoc|iPhone
		{0F682923-EE76-4240-BBEB-56BF44B82A57}.Ad-Hoc|iPhone.Build.0 = Ad-Hoc|iPhone
		{0F682923-EE76-4240-BBEB-56BF44B82A57}.Ad-Hoc|iPhoneSimulator.ActiveCfg = Ad-Hoc|iPhone
		{0F682923-EE76-4240-BBEB-56BF44B82A57}.Ad-Hoc|Mixed Platforms.ActiveCfg = Ad-Hoc|iPhoneSimulator
		{0F682923-EE76-4240-BBEB-56BF44B82A57}.Ad-Hoc|Mixed Platforms.Build.0 = Ad-Hoc|iPhoneSimulator
		{0F682923-EE76-4240-BBEB-56BF44B82A57}.AppStore|Any CPU.ActiveCfg = AppStore|iPhoneSimulator
		{0F682923-EE76-4240-BBEB-56BF44B82A57}.AppStore|iPhone.ActiveCfg = AppStore|iPhone
		{0F682923-EE76-4240-BBEB-56BF44B82A57}.AppStore|iPhone.Build.0 = AppStore|iPhone
		{0F682923-EE76-4240-BBEB-56BF44B82A57}.AppStore|iPhoneSimulator.ActiveCfg = AppStore|iPhone
		{0F682923-EE76-4240-BBEB-56BF44B82A57}.AppStore|Mixed Platforms.ActiveCfg = AppStore|iPhoneSimulator
		{0F682923-EE76-4240-BBEB-56BF44B82A57}.AppStore|Mixed Platforms.Build.0 = AppStore|iPhoneSimulator
		{0F682923-EE76-4240-BBEB-56BF44B82A57}.Debug|Any CPU.ActiveCfg = Debug|iPhoneSimulator
		{0F682923-EE76-4240-BBEB-56BF44B82A57}.Debug|iPhone.ActiveCfg = Debug|iPhone
		{0F682923-EE76-4240-BBEB-56BF44B82A57}.Debug|iPhone.Build.0 = Debug|iPhone
		{0F682923-EE76-4240-BBEB-56BF44B82A57}.Debug|iPhoneSimulator.ActiveCfg = Debug|iPhoneSimulator
		{0F682923-EE76-4240-BBEB-56BF44B82A57}.Debug|iPhoneSimulator.Build.0 = Debug|iPhoneSimulator
		{0F682923-EE76-4240-BBEB-56BF44B82A57}.Debug|iPhoneSimulator.Deploy.0 = Debug|iPhoneSimulator
		{0F682923-EE76-4240-BBEB-56BF44B82A57}.Debug|Mixed Platforms.ActiveCfg = Debug|iPhoneSimulator
		{0F682923-EE76-4240-BBEB-56BF44B82A57}.Debug|Mixed Platforms.Build.0 = Debug|iPhoneSimulator
		{0F682923-EE76-4240-BBEB-56BF44B82A57}.Release|Any CPU.ActiveCfg = Release|iPhoneSimulator
		{0F682923-EE76-4240-BBEB-56BF44B82A57}.Release|iPhone.ActiveCfg = Release|iPhone
		{0F682923-EE76-4240-BBEB-56BF44B82A57}.Release|iPhone.Build.0 = Release|iPhone
		{0F682923-EE76-4240-BBEB-56BF44B82A57}.Release|iPhoneSimulator.ActiveCfg = Release|iPhoneSimulator
		{0F682923-EE76-4240-BBEB-56BF44B82A57}.Release|iPhoneSimulator.Build.0 = Release|iPhoneSimulator
		{0F682923-EE76-4240-BBEB-56BF44B82A57}.Release|Mixed Platforms.ActiveCfg = Release|iPhoneSimulator
		{0F682923-EE76-4240-BBEB-56BF44B82A57}.Release|Mixed Platforms.Build.0 = Release|iPhoneSimulator
		{7B89D990-03EA-4FF4-8392-376C08E37161}.Ad-Hoc|Any CPU.ActiveCfg = Debug|Any CPU
		{7B89D990-03EA-4FF4-8392-376C08E37161}.Ad-Hoc|Any CPU.Build.0 = Debug|Any CPU
		{7B89D990-03EA-4FF4-8392-376C08E37161}.Ad-Hoc|Any CPU.Deploy.0 = Debug|Any CPU
		{7B89D990-03EA-4FF4-8392-376C08E37161}.Ad-Hoc|iPhone.ActiveCfg = Release|Any CPU
		{7B89D990-03EA-4FF4-8392-376C08E37161}.Ad-Hoc|iPhone.Build.0 = Release|Any CPU
		{7B89D990-03EA-4FF4-8392-376C08E37161}.Ad-Hoc|iPhoneSimulator.ActiveCfg = Debug|Any CPU
		{7B89D990-03EA-4FF4-8392-376C08E37161}.Ad-Hoc|Mixed Platforms.ActiveCfg = Debug|Any CPU
		{7B89D990-03EA-4FF4-8392-376C08E37161}.Ad-Hoc|Mixed Platforms.Build.0 = Debug|Any CPU
		{7B89D990-03EA-4FF4-8392-376C08E37161}.Ad-Hoc|Mixed Platforms.Deploy.0 = Debug|Any CPU
		{7B89D990-03EA-4FF4-8392-376C08E37161}.AppStore|Any CPU.ActiveCfg = Debug|Any CPU
		{7B89D990-03EA-4FF4-8392-376C08E37161}.AppStore|Any CPU.Build.0 = Debug|Any CPU
		{7B89D990-03EA-4FF4-8392-376C08E37161}.AppStore|Any CPU.Deploy.0 = Debug|Any CPU
		{7B89D990-03EA-4FF4-8392-376C08E37161}.AppStore|iPhone.ActiveCfg = Release|Any CPU
		{7B89D990-03EA-4FF4-8392-376C08E37161}.AppStore|iPhone.Build.0 = Release|Any CPU
		{7B89D990-03EA-4FF4-8392-376C08E37161}.AppStore|iPhoneSimulator.ActiveCfg = Debug|Any CPU
		{7B89D990-03EA-4FF4-8392-376C08E37161}.AppStore|Mixed Platforms.ActiveCfg = Debug|Any CPU
		{7B89D990-03EA-4FF4-8392-376C08E37161}.AppStore|Mixed Platforms.Build.0 = Debug|Any CPU
		{7B89D990-03EA-4FF4-8392-376C08E37161}.AppStore|Mixed Platforms.Deploy.0 = Debug|Any CPU
		{7B89D990-03EA-4FF4-8392-376C08E37161}.Debug|Any CPU.ActiveCfg = Debug|Any CPU
		{7B89D990-03EA-4FF4-8392-376C08E37161}.Debug|Any CPU.Build.0 = Debug|Any CPU
		{7B89D990-03EA-4FF4-8392-376C08E37161}.Debug|Any CPU.Deploy.0 = Debug|Any CPU
		{7B89D990-03EA-4FF4-8392-376C08E37161}.Debug|iPhone.ActiveCfg = Debug|Any CPU
		{7B89D990-03EA-4FF4-8392-376C08E37161}.Debug|iPhone.Build.0 = Debug|Any CPU
		{7B89D990-03EA-4FF4-8392-376C08E37161}.Debug|iPhone.Deploy.0 = Debug|Any CPU
		{7B89D990-03EA-4FF4-8392-376C08E37161}.Debug|iPhoneSimulator.ActiveCfg = Debug|Any CPU
		{7B89D990-03EA-4FF4-8392-376C08E37161}.Debug|iPhoneSimulator.Build.0 = Debug|Any CPU
		{7B89D990-03EA-4FF4-8392-376C08E37161}.Debug|Mixed Platforms.ActiveCfg = Debug|Any CPU
		{7B89D990-03EA-4FF4-8392-376C08E37161}.Debug|Mixed Platforms.Build.0 = Debug|Any CPU
		{7B89D990-03EA-4FF4-8392-376C08E37161}.Debug|Mixed Platforms.Deploy.0 = Debug|Any CPU
		{7B89D990-03EA-4FF4-8392-376C08E37161}.Release|Any CPU.ActiveCfg = Release|Any CPU
		{7B89D990-03EA-4FF4-8392-376C08E37161}.Release|Any CPU.Build.0 = Release|Any CPU
		{7B89D990-03EA-4FF4-8392-376C08E37161}.Release|Any CPU.Deploy.0 = Release|Any CPU
		{7B89D990-03EA-4FF4-8392-376C08E37161}.Release|iPhone.ActiveCfg = Release|Any CPU
		{7B89D990-03EA-4FF4-8392-376C08E37161}.Release|iPhone.Build.0 = Release|Any CPU
		{7B89D990-03EA-4FF4-8392-376C08E37161}.Release|iPhoneSimulator.ActiveCfg = Release|Any CPU
		{7B89D990-03EA-4FF4-8392-376C08E37161}.Release|iPhoneSimulator.Build.0 = Release|Any CPU
		{7B89D990-03EA-4FF4-8392-376C08E37161}.Release|Mixed Platforms.ActiveCfg = Release|Any CPU
		{7B89D990-03EA-4FF4-8392-376C08E37161}.Release|Mixed Platforms.Build.0 = Release|Any CPU
		{7B89D990-03EA-4FF4-8392-376C08E37161}.Release|Mixed Platforms.Deploy.0 = Release|Any CPU
		{565129E0-4EE5-4F6F-B403-C3484C9740BE}.Ad-Hoc|Any CPU.ActiveCfg = Release|Any CPU
		{565129E0-4EE5-4F6F-B403-C3484C9740BE}.Ad-Hoc|Any CPU.Build.0 = Release|Any CPU
		{565129E0-4EE5-4F6F-B403-C3484C9740BE}.Ad-Hoc|iPhone.ActiveCfg = Release|Any CPU
		{565129E0-4EE5-4F6F-B403-C3484C9740BE}.Ad-Hoc|iPhoneSimulator.ActiveCfg = Release|Any CPU
		{565129E0-4EE5-4F6F-B403-C3484C9740BE}.Ad-Hoc|Mixed Platforms.ActiveCfg = Release|Any CPU
		{565129E0-4EE5-4F6F-B403-C3484C9740BE}.Ad-Hoc|Mixed Platforms.Build.0 = Release|Any CPU
		{565129E0-4EE5-4F6F-B403-C3484C9740BE}.AppStore|Any CPU.ActiveCfg = Release|Any CPU
		{565129E0-4EE5-4F6F-B403-C3484C9740BE}.AppStore|Any CPU.Build.0 = Release|Any CPU
		{565129E0-4EE5-4F6F-B403-C3484C9740BE}.AppStore|iPhone.ActiveCfg = Release|Any CPU
		{565129E0-4EE5-4F6F-B403-C3484C9740BE}.AppStore|iPhoneSimulator.ActiveCfg = Release|Any CPU
		{565129E0-4EE5-4F6F-B403-C3484C9740BE}.AppStore|Mixed Platforms.ActiveCfg = Release|Any CPU
		{565129E0-4EE5-4F6F-B403-C3484C9740BE}.AppStore|Mixed Platforms.Build.0 = Release|Any CPU
		{565129E0-4EE5-4F6F-B403-C3484C9740BE}.Debug|Any CPU.ActiveCfg = Debug|Any CPU
		{565129E0-4EE5-4F6F-B403-C3484C9740BE}.Debug|Any CPU.Build.0 = Debug|Any CPU
		{565129E0-4EE5-4F6F-B403-C3484C9740BE}.Debug|iPhone.ActiveCfg = Debug|Any CPU
		{565129E0-4EE5-4F6F-B403-C3484C9740BE}.Debug|iPhoneSimulator.ActiveCfg = Debug|Any CPU
		{565129E0-4EE5-4F6F-B403-C3484C9740BE}.Debug|Mixed Platforms.ActiveCfg = Debug|Any CPU
		{565129E0-4EE5-4F6F-B403-C3484C9740BE}.Debug|Mixed Platforms.Build.0 = Debug|Any CPU
		{565129E0-4EE5-4F6F-B403-C3484C9740BE}.Release|Any CPU.ActiveCfg = Release|Any CPU
		{565129E0-4EE5-4F6F-B403-C3484C9740BE}.Release|Any CPU.Build.0 = Release|Any CPU
		{565129E0-4EE5-4F6F-B403-C3484C9740BE}.Release|iPhone.ActiveCfg = Release|Any CPU
		{565129E0-4EE5-4F6F-B403-C3484C9740BE}.Release|iPhoneSimulator.ActiveCfg = Release|Any CPU
		{565129E0-4EE5-4F6F-B403-C3484C9740BE}.Release|Mixed Platforms.ActiveCfg = Release|Any CPU
		{565129E0-4EE5-4F6F-B403-C3484C9740BE}.Release|Mixed Platforms.Build.0 = Release|Any CPU
		{BA9476CF-99BA-4D03-92F2-73D2C5E58883}.Ad-Hoc|Any CPU.ActiveCfg = Release|Any CPU
		{BA9476CF-99BA-4D03-92F2-73D2C5E58883}.Ad-Hoc|Any CPU.Build.0 = Release|Any CPU
		{BA9476CF-99BA-4D03-92F2-73D2C5E58883}.Ad-Hoc|iPhone.ActiveCfg = Release|Any CPU
		{BA9476CF-99BA-4D03-92F2-73D2C5E58883}.Ad-Hoc|iPhoneSimulator.ActiveCfg = Release|Any CPU
		{BA9476CF-99BA-4D03-92F2-73D2C5E58883}.Ad-Hoc|Mixed Platforms.ActiveCfg = Release|Any CPU
		{BA9476CF-99BA-4D03-92F2-73D2C5E58883}.Ad-Hoc|Mixed Platforms.Build.0 = Release|Any CPU
		{BA9476CF-99BA-4D03-92F2-73D2C5E58883}.AppStore|Any CPU.ActiveCfg = Release|Any CPU
		{BA9476CF-99BA-4D03-92F2-73D2C5E58883}.AppStore|Any CPU.Build.0 = Release|Any CPU
		{BA9476CF-99BA-4D03-92F2-73D2C5E58883}.AppStore|iPhone.ActiveCfg = Release|Any CPU
		{BA9476CF-99BA-4D03-92F2-73D2C5E58883}.AppStore|iPhoneSimulator.ActiveCfg = Release|Any CPU
		{BA9476CF-99BA-4D03-92F2-73D2C5E58883}.AppStore|Mixed Platforms.ActiveCfg = Release|Any CPU
		{BA9476CF-99BA-4D03-92F2-73D2C5E58883}.AppStore|Mixed Platforms.Build.0 = Release|Any CPU
		{BA9476CF-99BA-4D03-92F2-73D2C5E58883}.Debug|Any CPU.ActiveCfg = Debug|Any CPU
		{BA9476CF-99BA-4D03-92F2-73D2C5E58883}.Debug|Any CPU.Build.0 = Debug|Any CPU
		{BA9476CF-99BA-4D03-92F2-73D2C5E58883}.Debug|iPhone.ActiveCfg = Debug|Any CPU
		{BA9476CF-99BA-4D03-92F2-73D2C5E58883}.Debug|iPhoneSimulator.ActiveCfg = Debug|Any CPU
		{BA9476CF-99BA-4D03-92F2-73D2C5E58883}.Debug|Mixed Platforms.ActiveCfg = Debug|Any CPU
		{BA9476CF-99BA-4D03-92F2-73D2C5E58883}.Debug|Mixed Platforms.Build.0 = Debug|Any CPU
		{BA9476CF-99BA-4D03-92F2-73D2C5E58883}.Release|Any CPU.ActiveCfg = Release|Any CPU
		{BA9476CF-99BA-4D03-92F2-73D2C5E58883}.Release|Any CPU.Build.0 = Release|Any CPU
		{BA9476CF-99BA-4D03-92F2-73D2C5E58883}.Release|iPhone.ActiveCfg = Release|Any CPU
		{BA9476CF-99BA-4D03-92F2-73D2C5E58883}.Release|iPhoneSimulator.ActiveCfg = Release|Any CPU
		{BA9476CF-99BA-4D03-92F2-73D2C5E58883}.Release|Mixed Platforms.ActiveCfg = Release|Any CPU
		{BA9476CF-99BA-4D03-92F2-73D2C5E58883}.Release|Mixed Platforms.Build.0 = Release|Any CPU
		{713EE5CA-C850-42AD-AC67-B6546AC8BFFB}.Ad-Hoc|Any CPU.ActiveCfg = Release|Any CPU
		{713EE5CA-C850-42AD-AC67-B6546AC8BFFB}.Ad-Hoc|Any CPU.Build.0 = Release|Any CPU
		{713EE5CA-C850-42AD-AC67-B6546AC8BFFB}.Ad-Hoc|iPhone.ActiveCfg = Release|Any CPU
		{713EE5CA-C850-42AD-AC67-B6546AC8BFFB}.Ad-Hoc|iPhoneSimulator.ActiveCfg = Release|Any CPU
		{713EE5CA-C850-42AD-AC67-B6546AC8BFFB}.Ad-Hoc|Mixed Platforms.ActiveCfg = Release|Any CPU
		{713EE5CA-C850-42AD-AC67-B6546AC8BFFB}.Ad-Hoc|Mixed Platforms.Build.0 = Release|Any CPU
		{713EE5CA-C850-42AD-AC67-B6546AC8BFFB}.AppStore|Any CPU.ActiveCfg = Release|Any CPU
		{713EE5CA-C850-42AD-AC67-B6546AC8BFFB}.AppStore|Any CPU.Build.0 = Release|Any CPU
		{713EE5CA-C850-42AD-AC67-B6546AC8BFFB}.AppStore|iPhone.ActiveCfg = Release|Any CPU
		{713EE5CA-C850-42AD-AC67-B6546AC8BFFB}.AppStore|iPhoneSimulator.ActiveCfg = Release|Any CPU
		{713EE5CA-C850-42AD-AC67-B6546AC8BFFB}.AppStore|Mixed Platforms.ActiveCfg = Release|Any CPU
		{713EE5CA-C850-42AD-AC67-B6546AC8BFFB}.AppStore|Mixed Platforms.Build.0 = Release|Any CPU
		{713EE5CA-C850-42AD-AC67-B6546AC8BFFB}.Debug|Any CPU.ActiveCfg = Debug|Any CPU
		{713EE5CA-C850-42AD-AC67-B6546AC8BFFB}.Debug|Any CPU.Build.0 = Debug|Any CPU
		{713EE5CA-C850-42AD-AC67-B6546AC8BFFB}.Debug|iPhone.ActiveCfg = Debug|Any CPU
		{713EE5CA-C850-42AD-AC67-B6546AC8BFFB}.Debug|iPhoneSimulator.ActiveCfg = Debug|Any CPU
		{713EE5CA-C850-42AD-AC67-B6546AC8BFFB}.Debug|Mixed Platforms.ActiveCfg = Debug|Any CPU
		{713EE5CA-C850-42AD-AC67-B6546AC8BFFB}.Debug|Mixed Platforms.Build.0 = Debug|Any CPU
		{713EE5CA-C850-42AD-AC67-B6546AC8BFFB}.Release|Any CPU.ActiveCfg = Release|Any CPU
		{713EE5CA-C850-42AD-AC67-B6546AC8BFFB}.Release|Any CPU.Build.0 = Release|Any CPU
		{713EE5CA-C850-42AD-AC67-B6546AC8BFFB}.Release|iPhone.ActiveCfg = Release|Any CPU
		{713EE5CA-C850-42AD-AC67-B6546AC8BFFB}.Release|iPhoneSimulator.ActiveCfg = Release|Any CPU
		{713EE5CA-C850-42AD-AC67-B6546AC8BFFB}.Release|Mixed Platforms.ActiveCfg = Release|Any CPU
		{713EE5CA-C850-42AD-AC67-B6546AC8BFFB}.Release|Mixed Platforms.Build.0 = Release|Any CPU
		{B81B6701-7A78-4846-BF6F-04E0591F0F38}.Ad-Hoc|Any CPU.ActiveCfg = Release|Any CPU
		{B81B6701-7A78-4846-BF6F-04E0591F0F38}.Ad-Hoc|Any CPU.Build.0 = Release|Any CPU
		{B81B6701-7A78-4846-BF6F-04E0591F0F38}.Ad-Hoc|iPhone.ActiveCfg = Release|Any CPU
		{B81B6701-7A78-4846-BF6F-04E0591F0F38}.Ad-Hoc|iPhoneSimulator.ActiveCfg = Release|Any CPU
		{B81B6701-7A78-4846-BF6F-04E0591F0F38}.Ad-Hoc|Mixed Platforms.ActiveCfg = Release|Any CPU
		{B81B6701-7A78-4846-BF6F-04E0591F0F38}.Ad-Hoc|Mixed Platforms.Build.0 = Release|Any CPU
		{B81B6701-7A78-4846-BF6F-04E0591F0F38}.AppStore|Any CPU.ActiveCfg = Release|Any CPU
		{B81B6701-7A78-4846-BF6F-04E0591F0F38}.AppStore|Any CPU.Build.0 = Release|Any CPU
		{B81B6701-7A78-4846-BF6F-04E0591F0F38}.AppStore|iPhone.ActiveCfg = Release|Any CPU
		{B81B6701-7A78-4846-BF6F-04E0591F0F38}.AppStore|iPhoneSimulator.ActiveCfg = Release|Any CPU
		{B81B6701-7A78-4846-BF6F-04E0591F0F38}.AppStore|Mixed Platforms.ActiveCfg = Release|Any CPU
		{B81B6701-7A78-4846-BF6F-04E0591F0F38}.AppStore|Mixed Platforms.Build.0 = Release|Any CPU
		{B81B6701-7A78-4846-BF6F-04E0591F0F38}.Debug|Any CPU.ActiveCfg = Debug|Any CPU
		{B81B6701-7A78-4846-BF6F-04E0591F0F38}.Debug|Any CPU.Build.0 = Debug|Any CPU
		{B81B6701-7A78-4846-BF6F-04E0591F0F38}.Debug|iPhone.ActiveCfg = Debug|Any CPU
		{B81B6701-7A78-4846-BF6F-04E0591F0F38}.Debug|iPhoneSimulator.ActiveCfg = Debug|Any CPU
		{B81B6701-7A78-4846-BF6F-04E0591F0F38}.Debug|Mixed Platforms.ActiveCfg = Debug|Any CPU
		{B81B6701-7A78-4846-BF6F-04E0591F0F38}.Debug|Mixed Platforms.Build.0 = Debug|Any CPU
		{B81B6701-7A78-4846-BF6F-04E0591F0F38}.Release|Any CPU.ActiveCfg = Release|Any CPU
		{B81B6701-7A78-4846-BF6F-04E0591F0F38}.Release|Any CPU.Build.0 = Release|Any CPU
		{B81B6701-7A78-4846-BF6F-04E0591F0F38}.Release|iPhone.ActiveCfg = Release|Any CPU
		{B81B6701-7A78-4846-BF6F-04E0591F0F38}.Release|iPhoneSimulator.ActiveCfg = Release|Any CPU
		{B81B6701-7A78-4846-BF6F-04E0591F0F38}.Release|Mixed Platforms.ActiveCfg = Release|Any CPU
		{B81B6701-7A78-4846-BF6F-04E0591F0F38}.Release|Mixed Platforms.Build.0 = Release|Any CPU
		{64725C5B-A1BC-4974-8538-A1158BABF572}.Ad-Hoc|Any CPU.ActiveCfg = Release|Any CPU
		{64725C5B-A1BC-4974-8538-A1158BABF572}.Ad-Hoc|Any CPU.Build.0 = Release|Any CPU
		{64725C5B-A1BC-4974-8538-A1158BABF572}.Ad-Hoc|iPhone.ActiveCfg = Release|Any CPU
		{64725C5B-A1BC-4974-8538-A1158BABF572}.Ad-Hoc|iPhoneSimulator.ActiveCfg = Release|Any CPU
		{64725C5B-A1BC-4974-8538-A1158BABF572}.Ad-Hoc|Mixed Platforms.ActiveCfg = Release|Any CPU
		{64725C5B-A1BC-4974-8538-A1158BABF572}.Ad-Hoc|Mixed Platforms.Build.0 = Release|Any CPU
		{64725C5B-A1BC-4974-8538-A1158BABF572}.AppStore|Any CPU.ActiveCfg = Release|Any CPU
		{64725C5B-A1BC-4974-8538-A1158BABF572}.AppStore|Any CPU.Build.0 = Release|Any CPU
		{64725C5B-A1BC-4974-8538-A1158BABF572}.AppStore|iPhone.ActiveCfg = Release|Any CPU
		{64725C5B-A1BC-4974-8538-A1158BABF572}.AppStore|iPhoneSimulator.ActiveCfg = Release|Any CPU
		{64725C5B-A1BC-4974-8538-A1158BABF572}.AppStore|Mixed Platforms.ActiveCfg = Release|Any CPU
		{64725C5B-A1BC-4974-8538-A1158BABF572}.AppStore|Mixed Platforms.Build.0 = Release|Any CPU
		{64725C5B-A1BC-4974-8538-A1158BABF572}.Debug|Any CPU.ActiveCfg = Debug|Any CPU
		{64725C5B-A1BC-4974-8538-A1158BABF572}.Debug|Any CPU.Build.0 = Debug|Any CPU
		{64725C5B-A1BC-4974-8538-A1158BABF572}.Debug|iPhone.ActiveCfg = Debug|Any CPU
		{64725C5B-A1BC-4974-8538-A1158BABF572}.Debug|iPhoneSimulator.ActiveCfg = Debug|Any CPU
		{64725C5B-A1BC-4974-8538-A1158BABF572}.Debug|Mixed Platforms.ActiveCfg = Debug|Any CPU
		{64725C5B-A1BC-4974-8538-A1158BABF572}.Debug|Mixed Platforms.Build.0 = Debug|Any CPU
		{64725C5B-A1BC-4974-8538-A1158BABF572}.Release|Any CPU.ActiveCfg = Release|Any CPU
		{64725C5B-A1BC-4974-8538-A1158BABF572}.Release|Any CPU.Build.0 = Release|Any CPU
		{64725C5B-A1BC-4974-8538-A1158BABF572}.Release|iPhone.ActiveCfg = Release|Any CPU
		{64725C5B-A1BC-4974-8538-A1158BABF572}.Release|iPhoneSimulator.ActiveCfg = Release|Any CPU
		{64725C5B-A1BC-4974-8538-A1158BABF572}.Release|Mixed Platforms.ActiveCfg = Release|Any CPU
		{64725C5B-A1BC-4974-8538-A1158BABF572}.Release|Mixed Platforms.Build.0 = Release|Any CPU
	EndGlobalSection
	GlobalSection(SolutionProperties) = preSolution
		HideSolutionNode = FALSE
	EndGlobalSection
	GlobalSection(MonoDevelopProperties) = preSolution
		StartupItem = GoneBananasiOS\GoneBananasiOS-VS.csproj
	EndGlobalSection
EndGlobal
