
Microsoft Visual Studio Solution File, Format Version 12.00
# Visual Studio 2013
VisualStudioVersion = 12.0.31101.0
MinimumVisualStudioVersion = 10.0.40219.1
Project("{FAE04EC0-301F-11D3-BF4B-00C04F79EFBC}") = "DrawNodeBuffer", "DrawNodeBuffer\DrawNodeBuffer\DrawNodeBuffer.csproj", "{0295C7B8-9F19-4C59-85F5-47FE8F6B11FA}"
EndProject
Project("{FAE04EC0-301F-11D3-BF4B-00C04F79EFBC}") = "DrawNodeBuffer.WinPhone", "DrawNodeBuffer\DrawNodeBuffer.WinPhone\DrawNodeBuffer.WinPhone.csproj", "{DCF994BA-7A1C-41C5-8F5D-24EEDDC9AF66}"
EndProject
Project("{FAE04EC0-301F-11D3-BF4B-00C04F79EFBC}") = "DrawNodeBuffer.Droid", "DrawNodeBuffer\DrawNodeBuffer.Droid\DrawNodeBuffer.Droid.csproj", "{3F85C462-7BE3-4D71-8F06-28106F07B74D}"
EndProject
Project("{FAE04EC0-301F-11D3-BF4B-00C04F79EFBC}") = "DrawNodeBuffer.iOS", "DrawNodeBuffer\DrawNodeBuffer.iOS\DrawNodeBuffer.iOS.csproj", "{4497DADC-227B-4217-85EB-C0D54F860448}"
EndProject
Global
	GlobalSection(SolutionConfigurationPlatforms) = preSolution
		Ad-Hoc|Any CPU = Ad-Hoc|Any CPU
		Ad-Hoc|ARM = Ad-Hoc|ARM
		Ad-Hoc|iPhone = Ad-Hoc|iPhone
		Ad-Hoc|iPhoneSimulator = Ad-Hoc|iPhoneSimulator
		Ad-Hoc|Mixed Platforms = Ad-Hoc|Mixed Platforms
		Ad-Hoc|x86 = Ad-Hoc|x86
		AppStore|Any CPU = AppStore|Any CPU
		AppStore|ARM = AppStore|ARM
		AppStore|iPhone = AppStore|iPhone
		AppStore|iPhoneSimulator = AppStore|iPhoneSimulator
		AppStore|Mixed Platforms = AppStore|Mixed Platforms
		AppStore|x86 = AppStore|x86
		Debug|Any CPU = Debug|Any CPU
		Debug|ARM = Debug|ARM
		Debug|iPhone = Debug|iPhone
		Debug|iPhoneSimulator = Debug|iPhoneSimulator
		Debug|Mixed Platforms = Debug|Mixed Platforms
		Debug|x86 = Debug|x86
		Release|Any CPU = Release|Any CPU
		Release|ARM = Release|ARM
		Release|iPhone = Release|iPhone
		Release|iPhoneSimulator = Release|iPhoneSimulator
		Release|Mixed Platforms = Release|Mixed Platforms
		Release|x86 = Release|x86
	EndGlobalSection
	GlobalSection(ProjectConfigurationPlatforms) = postSolution
		{0295C7B8-9F19-4C59-85F5-47FE8F6B11FA}.Ad-Hoc|Any CPU.ActiveCfg = Release|Any CPU
		{0295C7B8-9F19-4C59-85F5-47FE8F6B11FA}.Ad-Hoc|Any CPU.Build.0 = Release|Any CPU
		{0295C7B8-9F19-4C59-85F5-47FE8F6B11FA}.Ad-Hoc|ARM.ActiveCfg = Release|Any CPU
		{0295C7B8-9F19-4C59-85F5-47FE8F6B11FA}.Ad-Hoc|iPhone.ActiveCfg = Release|Any CPU
		{0295C7B8-9F19-4C59-85F5-47FE8F6B11FA}.Ad-Hoc|iPhoneSimulator.ActiveCfg = Release|Any CPU
		{0295C7B8-9F19-4C59-85F5-47FE8F6B11FA}.Ad-Hoc|Mixed Platforms.ActiveCfg = Release|Any CPU
		{0295C7B8-9F19-4C59-85F5-47FE8F6B11FA}.Ad-Hoc|Mixed Platforms.Build.0 = Release|Any CPU
		{0295C7B8-9F19-4C59-85F5-47FE8F6B11FA}.Ad-Hoc|x86.ActiveCfg = Release|Any CPU
		{0295C7B8-9F19-4C59-85F5-47FE8F6B11FA}.AppStore|Any CPU.ActiveCfg = Release|Any CPU
		{0295C7B8-9F19-4C59-85F5-47FE8F6B11FA}.AppStore|Any CPU.Build.0 = Release|Any CPU
		{0295C7B8-9F19-4C59-85F5-47FE8F6B11FA}.AppStore|ARM.ActiveCfg = Release|Any CPU
		{0295C7B8-9F19-4C59-85F5-47FE8F6B11FA}.AppStore|iPhone.ActiveCfg = Release|Any CPU
		{0295C7B8-9F19-4C59-85F5-47FE8F6B11FA}.AppStore|iPhoneSimulator.ActiveCfg = Release|Any CPU
		{0295C7B8-9F19-4C59-85F5-47FE8F6B11FA}.AppStore|Mixed Platforms.ActiveCfg = Release|Any CPU
		{0295C7B8-9F19-4C59-85F5-47FE8F6B11FA}.AppStore|Mixed Platforms.Build.0 = Release|Any CPU
		{0295C7B8-9F19-4C59-85F5-47FE8F6B11FA}.AppStore|x86.ActiveCfg = Release|Any CPU
		{0295C7B8-9F19-4C59-85F5-47FE8F6B11FA}.Debug|Any CPU.ActiveCfg = Debug|Any CPU
		{0295C7B8-9F19-4C59-85F5-47FE8F6B11FA}.Debug|Any CPU.Build.0 = Debug|Any CPU
		{0295C7B8-9F19-4C59-85F5-47FE8F6B11FA}.Debug|ARM.ActiveCfg = Debug|Any CPU
		{0295C7B8-9F19-4C59-85F5-47FE8F6B11FA}.Debug|iPhone.ActiveCfg = Debug|Any CPU
		{0295C7B8-9F19-4C59-85F5-47FE8F6B11FA}.Debug|iPhoneSimulator.ActiveCfg = Debug|Any CPU
		{0295C7B8-9F19-4C59-85F5-47FE8F6B11FA}.Debug|Mixed Platforms.ActiveCfg = Debug|Any CPU
		{0295C7B8-9F19-4C59-85F5-47FE8F6B11FA}.Debug|Mixed Platforms.Build.0 = Debug|Any CPU
		{0295C7B8-9F19-4C59-85F5-47FE8F6B11FA}.Debug|x86.ActiveCfg = Debug|Any CPU
		{0295C7B8-9F19-4C59-85F5-47FE8F6B11FA}.Release|Any CPU.ActiveCfg = Release|Any CPU
		{0295C7B8-9F19-4C59-85F5-47FE8F6B11FA}.Release|Any CPU.Build.0 = Release|Any CPU
		{0295C7B8-9F19-4C59-85F5-47FE8F6B11FA}.Release|ARM.ActiveCfg = Release|Any CPU
		{0295C7B8-9F19-4C59-85F5-47FE8F6B11FA}.Release|iPhone.ActiveCfg = Release|Any CPU
		{0295C7B8-9F19-4C59-85F5-47FE8F6B11FA}.Release|iPhoneSimulator.ActiveCfg = Release|Any CPU
		{0295C7B8-9F19-4C59-85F5-47FE8F6B11FA}.Release|Mixed Platforms.ActiveCfg = Release|Any CPU
		{0295C7B8-9F19-4C59-85F5-47FE8F6B11FA}.Release|Mixed Platforms.Build.0 = Release|Any CPU
		{0295C7B8-9F19-4C59-85F5-47FE8F6B11FA}.Release|x86.ActiveCfg = Release|Any CPU
		{DCF994BA-7A1C-41C5-8F5D-24EEDDC9AF66}.Ad-Hoc|Any CPU.ActiveCfg = Release|Any CPU
		{DCF994BA-7A1C-41C5-8F5D-24EEDDC9AF66}.Ad-Hoc|Any CPU.Build.0 = Release|Any CPU
		{DCF994BA-7A1C-41C5-8F5D-24EEDDC9AF66}.Ad-Hoc|Any CPU.Deploy.0 = Release|Any CPU
		{DCF994BA-7A1C-41C5-8F5D-24EEDDC9AF66}.Ad-Hoc|ARM.ActiveCfg = Release|ARM
		{DCF994BA-7A1C-41C5-8F5D-24EEDDC9AF66}.Ad-Hoc|ARM.Build.0 = Release|ARM
		{DCF994BA-7A1C-41C5-8F5D-24EEDDC9AF66}.Ad-Hoc|ARM.Deploy.0 = Release|ARM
		{DCF994BA-7A1C-41C5-8F5D-24EEDDC9AF66}.Ad-Hoc|iPhone.ActiveCfg = Release|Any CPU
		{DCF994BA-7A1C-41C5-8F5D-24EEDDC9AF66}.Ad-Hoc|iPhoneSimulator.ActiveCfg = Release|Any CPU
		{DCF994BA-7A1C-41C5-8F5D-24EEDDC9AF66}.Ad-Hoc|Mixed Platforms.ActiveCfg = Release|x86
		{DCF994BA-7A1C-41C5-8F5D-24EEDDC9AF66}.Ad-Hoc|Mixed Platforms.Build.0 = Release|x86
		{DCF994BA-7A1C-41C5-8F5D-24EEDDC9AF66}.Ad-Hoc|Mixed Platforms.Deploy.0 = Release|x86
		{DCF994BA-7A1C-41C5-8F5D-24EEDDC9AF66}.Ad-Hoc|x86.ActiveCfg = Release|x86
		{DCF994BA-7A1C-41C5-8F5D-24EEDDC9AF66}.Ad-Hoc|x86.Build.0 = Release|x86
		{DCF994BA-7A1C-41C5-8F5D-24EEDDC9AF66}.Ad-Hoc|x86.Deploy.0 = Release|x86
		{DCF994BA-7A1C-41C5-8F5D-24EEDDC9AF66}.AppStore|Any CPU.ActiveCfg = Release|Any CPU
		{DCF994BA-7A1C-41C5-8F5D-24EEDDC9AF66}.AppStore|Any CPU.Build.0 = Release|Any CPU
		{DCF994BA-7A1C-41C5-8F5D-24EEDDC9AF66}.AppStore|Any CPU.Deploy.0 = Release|Any CPU
		{DCF994BA-7A1C-41C5-8F5D-24EEDDC9AF66}.AppStore|ARM.ActiveCfg = Release|ARM
		{DCF994BA-7A1C-41C5-8F5D-24EEDDC9AF66}.AppStore|ARM.Build.0 = Release|ARM
		{DCF994BA-7A1C-41C5-8F5D-24EEDDC9AF66}.AppStore|ARM.Deploy.0 = Release|ARM
		{DCF994BA-7A1C-41C5-8F5D-24EEDDC9AF66}.AppStore|iPhone.ActiveCfg = Release|Any CPU
		{DCF994BA-7A1C-41C5-8F5D-24EEDDC9AF66}.AppStore|iPhoneSimulator.ActiveCfg = Release|Any CPU
		{DCF994BA-7A1C-41C5-8F5D-24EEDDC9AF66}.AppStore|Mixed Platforms.ActiveCfg = Release|x86
		{DCF994BA-7A1C-41C5-8F5D-24EEDDC9AF66}.AppStore|Mixed Platforms.Build.0 = Release|x86
		{DCF994BA-7A1C-41C5-8F5D-24EEDDC9AF66}.AppStore|Mixed Platforms.Deploy.0 = Release|x86
		{DCF994BA-7A1C-41C5-8F5D-24EEDDC9AF66}.AppStore|x86.ActiveCfg = Release|x86
		{DCF994BA-7A1C-41C5-8F5D-24EEDDC9AF66}.AppStore|x86.Build.0 = Release|x86
		{DCF994BA-7A1C-41C5-8F5D-24EEDDC9AF66}.AppStore|x86.Deploy.0 = Release|x86
		{DCF994BA-7A1C-41C5-8F5D-24EEDDC9AF66}.Debug|Any CPU.ActiveCfg = Debug|Any CPU
		{DCF994BA-7A1C-41C5-8F5D-24EEDDC9AF66}.Debug|Any CPU.Build.0 = Debug|Any CPU
		{DCF994BA-7A1C-41C5-8F5D-24EEDDC9AF66}.Debug|Any CPU.Deploy.0 = Debug|Any CPU
		{DCF994BA-7A1C-41C5-8F5D-24EEDDC9AF66}.Debug|ARM.ActiveCfg = Debug|ARM
		{DCF994BA-7A1C-41C5-8F5D-24EEDDC9AF66}.Debug|ARM.Build.0 = Debug|ARM
		{DCF994BA-7A1C-41C5-8F5D-24EEDDC9AF66}.Debug|ARM.Deploy.0 = Debug|ARM
		{DCF994BA-7A1C-41C5-8F5D-24EEDDC9AF66}.Debug|iPhone.ActiveCfg = Debug|Any CPU
		{DCF994BA-7A1C-41C5-8F5D-24EEDDC9AF66}.Debug|iPhoneSimulator.ActiveCfg = Debug|Any CPU
		{DCF994BA-7A1C-41C5-8F5D-24EEDDC9AF66}.Debug|Mixed Platforms.ActiveCfg = Debug|x86
		{DCF994BA-7A1C-41C5-8F5D-24EEDDC9AF66}.Debug|Mixed Platforms.Build.0 = Debug|x86
		{DCF994BA-7A1C-41C5-8F5D-24EEDDC9AF66}.Debug|Mixed Platforms.Deploy.0 = Debug|x86
		{DCF994BA-7A1C-41C5-8F5D-24EEDDC9AF66}.Debug|x86.ActiveCfg = Debug|x86
		{DCF994BA-7A1C-41C5-8F5D-24EEDDC9AF66}.Debug|x86.Build.0 = Debug|x86
		{DCF994BA-7A1C-41C5-8F5D-24EEDDC9AF66}.Debug|x86.Deploy.0 = Debug|x86
		{DCF994BA-7A1C-41C5-8F5D-24EEDDC9AF66}.Release|Any CPU.ActiveCfg = Release|Any CPU
		{DCF994BA-7A1C-41C5-8F5D-24EEDDC9AF66}.Release|Any CPU.Build.0 = Release|Any CPU
		{DCF994BA-7A1C-41C5-8F5D-24EEDDC9AF66}.Release|Any CPU.Deploy.0 = Release|Any CPU
		{DCF994BA-7A1C-41C5-8F5D-24EEDDC9AF66}.Release|ARM.ActiveCfg = Release|ARM
		{DCF994BA-7A1C-41C5-8F5D-24EEDDC9AF66}.Release|ARM.Build.0 = Release|ARM
		{DCF994BA-7A1C-41C5-8F5D-24EEDDC9AF66}.Release|ARM.Deploy.0 = Release|ARM
		{DCF994BA-7A1C-41C5-8F5D-24EEDDC9AF66}.Release|iPhone.ActiveCfg = Release|Any CPU
		{DCF994BA-7A1C-41C5-8F5D-24EEDDC9AF66}.Release|iPhoneSimulator.ActiveCfg = Release|Any CPU
		{DCF994BA-7A1C-41C5-8F5D-24EEDDC9AF66}.Release|Mixed Platforms.ActiveCfg = Release|x86
		{DCF994BA-7A1C-41C5-8F5D-24EEDDC9AF66}.Release|Mixed Platforms.Build.0 = Release|x86
		{DCF994BA-7A1C-41C5-8F5D-24EEDDC9AF66}.Release|Mixed Platforms.Deploy.0 = Release|x86
		{DCF994BA-7A1C-41C5-8F5D-24EEDDC9AF66}.Release|x86.ActiveCfg = Release|x86
		{DCF994BA-7A1C-41C5-8F5D-24EEDDC9AF66}.Release|x86.Build.0 = Release|x86
		{DCF994BA-7A1C-41C5-8F5D-24EEDDC9AF66}.Release|x86.Deploy.0 = Release|x86
		{3F85C462-7BE3-4D71-8F06-28106F07B74D}.Ad-Hoc|Any CPU.ActiveCfg = Release|Any CPU
		{3F85C462-7BE3-4D71-8F06-28106F07B74D}.Ad-Hoc|Any CPU.Build.0 = Release|Any CPU
		{3F85C462-7BE3-4D71-8F06-28106F07B74D}.Ad-Hoc|Any CPU.Deploy.0 = Release|Any CPU
		{3F85C462-7BE3-4D71-8F06-28106F07B74D}.Ad-Hoc|ARM.ActiveCfg = Release|Any CPU
		{3F85C462-7BE3-4D71-8F06-28106F07B74D}.Ad-Hoc|iPhone.ActiveCfg = Release|Any CPU
		{3F85C462-7BE3-4D71-8F06-28106F07B74D}.Ad-Hoc|iPhoneSimulator.ActiveCfg = Release|Any CPU
		{3F85C462-7BE3-4D71-8F06-28106F07B74D}.Ad-Hoc|Mixed Platforms.ActiveCfg = Release|Any CPU
		{3F85C462-7BE3-4D71-8F06-28106F07B74D}.Ad-Hoc|Mixed Platforms.Build.0 = Release|Any CPU
		{3F85C462-7BE3-4D71-8F06-28106F07B74D}.Ad-Hoc|Mixed Platforms.Deploy.0 = Release|Any CPU
		{3F85C462-7BE3-4D71-8F06-28106F07B74D}.Ad-Hoc|x86.ActiveCfg = Release|Any CPU
		{3F85C462-7BE3-4D71-8F06-28106F07B74D}.AppStore|Any CPU.ActiveCfg = Release|Any CPU
		{3F85C462-7BE3-4D71-8F06-28106F07B74D}.AppStore|Any CPU.Build.0 = Release|Any CPU
		{3F85C462-7BE3-4D71-8F06-28106F07B74D}.AppStore|Any CPU.Deploy.0 = Release|Any CPU
		{3F85C462-7BE3-4D71-8F06-28106F07B74D}.AppStore|ARM.ActiveCfg = Release|Any CPU
		{3F85C462-7BE3-4D71-8F06-28106F07B74D}.AppStore|iPhone.ActiveCfg = Release|Any CPU
		{3F85C462-7BE3-4D71-8F06-28106F07B74D}.AppStore|iPhoneSimulator.ActiveCfg = Release|Any CPU
		{3F85C462-7BE3-4D71-8F06-28106F07B74D}.AppStore|Mixed Platforms.ActiveCfg = Release|Any CPU
		{3F85C462-7BE3-4D71-8F06-28106F07B74D}.AppStore|Mixed Platforms.Build.0 = Release|Any CPU
		{3F85C462-7BE3-4D71-8F06-28106F07B74D}.AppStore|Mixed Platforms.Deploy.0 = Release|Any CPU
		{3F85C462-7BE3-4D71-8F06-28106F07B74D}.AppStore|x86.ActiveCfg = Release|Any CPU
		{3F85C462-7BE3-4D71-8F06-28106F07B74D}.Debug|Any CPU.ActiveCfg = Debug|Any CPU
		{3F85C462-7BE3-4D71-8F06-28106F07B74D}.Debug|Any CPU.Build.0 = Debug|Any CPU
		{3F85C462-7BE3-4D71-8F06-28106F07B74D}.Debug|Any CPU.Deploy.0 = Debug|Any CPU
		{3F85C462-7BE3-4D71-8F06-28106F07B74D}.Debug|ARM.ActiveCfg = Debug|Any CPU
		{3F85C462-7BE3-4D71-8F06-28106F07B74D}.Debug|iPhone.ActiveCfg = Debug|Any CPU
		{3F85C462-7BE3-4D71-8F06-28106F07B74D}.Debug|iPhoneSimulator.ActiveCfg = Debug|Any CPU
		{3F85C462-7BE3-4D71-8F06-28106F07B74D}.Debug|Mixed Platforms.ActiveCfg = Debug|Any CPU
		{3F85C462-7BE3-4D71-8F06-28106F07B74D}.Debug|Mixed Platforms.Build.0 = Debug|Any CPU
		{3F85C462-7BE3-4D71-8F06-28106F07B74D}.Debug|Mixed Platforms.Deploy.0 = Debug|Any CPU
		{3F85C462-7BE3-4D71-8F06-28106F07B74D}.Debug|x86.ActiveCfg = Debug|Any CPU
		{3F85C462-7BE3-4D71-8F06-28106F07B74D}.Release|Any CPU.ActiveCfg = Release|Any CPU
		{3F85C462-7BE3-4D71-8F06-28106F07B74D}.Release|Any CPU.Build.0 = Release|Any CPU
		{3F85C462-7BE3-4D71-8F06-28106F07B74D}.Release|Any CPU.Deploy.0 = Release|Any CPU
		{3F85C462-7BE3-4D71-8F06-28106F07B74D}.Release|ARM.ActiveCfg = Release|Any CPU
		{3F85C462-7BE3-4D71-8F06-28106F07B74D}.Release|iPhone.ActiveCfg = Release|Any CPU
		{3F85C462-7BE3-4D71-8F06-28106F07B74D}.Release|iPhoneSimulator.ActiveCfg = Release|Any CPU
		{3F85C462-7BE3-4D71-8F06-28106F07B74D}.Release|Mixed Platforms.ActiveCfg = Release|Any CPU
		{3F85C462-7BE3-4D71-8F06-28106F07B74D}.Release|Mixed Platforms.Build.0 = Release|Any CPU
		{3F85C462-7BE3-4D71-8F06-28106F07B74D}.Release|Mixed Platforms.Deploy.0 = Release|Any CPU
		{3F85C462-7BE3-4D71-8F06-28106F07B74D}.Release|x86.ActiveCfg = Release|Any CPU
		{4497DADC-227B-4217-85EB-C0D54F860448}.Ad-Hoc|Any CPU.ActiveCfg = Ad-Hoc|iPhone
		{4497DADC-227B-4217-85EB-C0D54F860448}.Ad-Hoc|ARM.ActiveCfg = Ad-Hoc|iPhone
		{4497DADC-227B-4217-85EB-C0D54F860448}.Ad-Hoc|iPhone.ActiveCfg = Ad-Hoc|iPhone
		{4497DADC-227B-4217-85EB-C0D54F860448}.Ad-Hoc|iPhone.Build.0 = Ad-Hoc|iPhone
		{4497DADC-227B-4217-85EB-C0D54F860448}.Ad-Hoc|iPhoneSimulator.ActiveCfg = Ad-Hoc|iPhoneSimulator
		{4497DADC-227B-4217-85EB-C0D54F860448}.Ad-Hoc|iPhoneSimulator.Build.0 = Ad-Hoc|iPhoneSimulator
		{4497DADC-227B-4217-85EB-C0D54F860448}.Ad-Hoc|Mixed Platforms.ActiveCfg = Ad-Hoc|iPhone
		{4497DADC-227B-4217-85EB-C0D54F860448}.Ad-Hoc|Mixed Platforms.Build.0 = Ad-Hoc|iPhone
		{4497DADC-227B-4217-85EB-C0D54F860448}.Ad-Hoc|x86.ActiveCfg = Ad-Hoc|iPhone
		{4497DADC-227B-4217-85EB-C0D54F860448}.AppStore|Any CPU.ActiveCfg = AppStore|iPhone
		{4497DADC-227B-4217-85EB-C0D54F860448}.AppStore|ARM.ActiveCfg = AppStore|iPhone
		{4497DADC-227B-4217-85EB-C0D54F860448}.AppStore|iPhone.ActiveCfg = AppStore|iPhone
		{4497DADC-227B-4217-85EB-C0D54F860448}.AppStore|iPhone.Build.0 = AppStore|iPhone
		{4497DADC-227B-4217-85EB-C0D54F860448}.AppStore|iPhoneSimulator.ActiveCfg = AppStore|iPhoneSimulator
		{4497DADC-227B-4217-85EB-C0D54F860448}.AppStore|iPhoneSimulator.Build.0 = AppStore|iPhoneSimulator
		{4497DADC-227B-4217-85EB-C0D54F860448}.AppStore|Mixed Platforms.ActiveCfg = AppStore|iPhone
		{4497DADC-227B-4217-85EB-C0D54F860448}.AppStore|Mixed Platforms.Build.0 = AppStore|iPhone
		{4497DADC-227B-4217-85EB-C0D54F860448}.AppStore|x86.ActiveCfg = AppStore|iPhone
		{4497DADC-227B-4217-85EB-C0D54F860448}.Debug|Any CPU.ActiveCfg = Debug|iPhone
		{4497DADC-227B-4217-85EB-C0D54F860448}.Debug|ARM.ActiveCfg = Debug|iPhone
		{4497DADC-227B-4217-85EB-C0D54F860448}.Debug|iPhone.ActiveCfg = Debug|iPhone
		{4497DADC-227B-4217-85EB-C0D54F860448}.Debug|iPhone.Build.0 = Debug|iPhone
		{4497DADC-227B-4217-85EB-C0D54F860448}.Debug|iPhoneSimulator.ActiveCfg = Debug|iPhoneSimulator
		{4497DADC-227B-4217-85EB-C0D54F860448}.Debug|iPhoneSimulator.Build.0 = Debug|iPhoneSimulator
		{4497DADC-227B-4217-85EB-C0D54F860448}.Debug|Mixed Platforms.ActiveCfg = Debug|iPhone
		{4497DADC-227B-4217-85EB-C0D54F860448}.Debug|Mixed Platforms.Build.0 = Debug|iPhone
		{4497DADC-227B-4217-85EB-C0D54F860448}.Debug|x86.ActiveCfg = Debug|iPhone
		{4497DADC-227B-4217-85EB-C0D54F860448}.Release|Any CPU.ActiveCfg = Release|iPhone
		{4497DADC-227B-4217-85EB-C0D54F860448}.Release|ARM.ActiveCfg = Release|iPhone
		{4497DADC-227B-4217-85EB-C0D54F860448}.Release|iPhone.ActiveCfg = Release|iPhone
		{4497DADC-227B-4217-85EB-C0D54F860448}.Release|iPhone.Build.0 = Release|iPhone
		{4497DADC-227B-4217-85EB-C0D54F860448}.Release|iPhoneSimulator.ActiveCfg = Release|iPhoneSimulator
		{4497DADC-227B-4217-85EB-C0D54F860448}.Release|iPhoneSimulator.Build.0 = Release|iPhoneSimulator
		{4497DADC-227B-4217-85EB-C0D54F860448}.Release|Mixed Platforms.ActiveCfg = Release|iPhone
		{4497DADC-227B-4217-85EB-C0D54F860448}.Release|Mixed Platforms.Build.0 = Release|iPhone
		{4497DADC-227B-4217-85EB-C0D54F860448}.Release|x86.ActiveCfg = Release|iPhone
	EndGlobalSection
	GlobalSection(SolutionProperties) = preSolution
		HideSolutionNode = FALSE
	EndGlobalSection
EndGlobal
