
Microsoft Visual Studio Solution File, Format Version 12.00
# Visual Studio 2013
VisualStudioVersion = 12.0.30324.0
MinimumVisualStudioVersion = 10.0.40219.1
Project("{FAE04EC0-301F-11D3-BF4B-00C04F79EFBC}") = "SpineCocosSharp", "wp8\SpineCocosSharp.csproj", "{4FC03CC4-FB1B-4D1A-8AA4-6808B2CA7914}"
EndProject
Global
	GlobalSection(SolutionConfigurationPlatforms) = preSolution
		Debug|Any CPU = Debug|Any CPU
		Debug|ARM = Debug|ARM
		Debug|x86 = Debug|x86
		Release|Any CPU = Release|Any CPU
		Release|ARM = Release|ARM
		Release|x86 = Release|x86
	EndGlobalSection
	GlobalSection(ProjectConfigurationPlatforms) = postSolution
		{4FC03CC4-FB1B-4D1A-8AA4-6808B2CA7914}.Debug|Any CPU.ActiveCfg = Debug|Any CPU
		{4FC03CC4-FB1B-4D1A-8AA4-6808B2CA7914}.Debug|Any CPU.Build.0 = Debug|Any CPU
		{4FC03CC4-FB1B-4D1A-8AA4-6808B2CA7914}.Debug|ARM.ActiveCfg = Debug|ARM
		{4FC03CC4-FB1B-4D1A-8AA4-6808B2CA7914}.Debug|ARM.Build.0 = Debug|ARM
		{4FC03CC4-FB1B-4D1A-8AA4-6808B2CA7914}.Debug|x86.ActiveCfg = Debug|x86
		{4FC03CC4-FB1B-4D1A-8AA4-6808B2CA7914}.Debug|x86.Build.0 = Debug|x86
		{4FC03CC4-FB1B-4D1A-8AA4-6808B2CA7914}.Release|Any CPU.ActiveCfg = Release|Any CPU
		{4FC03CC4-FB1B-4D1A-8AA4-6808B2CA7914}.Release|Any CPU.Build.0 = Release|Any CPU
		{4FC03CC4-FB1B-4D1A-8AA4-6808B2CA7914}.Release|ARM.ActiveCfg = Release|ARM
		{4FC03CC4-FB1B-4D1A-8AA4-6808B2CA7914}.Release|ARM.Build.0 = Release|ARM
		{4FC03CC4-FB1B-4D1A-8AA4-6808B2CA7914}.Release|x86.ActiveCfg = Release|x86
		{4FC03CC4-FB1B-4D1A-8AA4-6808B2CA7914}.Release|x86.Build.0 = Release|x86
	EndGlobalSection
	GlobalSection(SolutionProperties) = preSolution
		HideSolutionNode = FALSE
	EndGlobalSection
EndGlobal
