
Microsoft Visual Studio Solution File, Format Version 12.00
# Visual Studio 2012
VisualStudioVersion = 12.0.31101.0
MinimumVisualStudioVersion = 10.0.40219.1
Project("{FAE04EC0-301F-11D3-BF4B-00C04F79EFBC}") = "CSLilyPath", "CSLilyPath\CSLilyPath\CSLilyPath.csproj", "{1C763A55-45FB-41EB-8C92-BDDFC0627309}"
EndProject
Project("{FAE04EC0-301F-11D3-BF4B-00C04F79EFBC}") = "CSLilyPath.WinPhone", "CSLilyPath\CSLilyPath.WinPhone\CSLilyPath.WinPhone.csproj", "{C60AC4DE-6F81-4FF5-8ACC-DBBDF8E463D5}"
EndProject
Project("{FAE04EC0-301F-11D3-BF4B-00C04F79EFBC}") = "CSLilyPath.Droid", "CSLilyPath\CSLilyPath.Droid\CSLilyPath.Droid.csproj", "{6D02291C-9E9D-439C-9234-EABFDA1211AF}"
EndProject
Project("{FAE04EC0-301F-11D3-BF4B-00C04F79EFBC}") = "CSLilyPath.iOS", "CSLilyPath\CSLilyPath.iOS\CSLilyPath.iOS.csproj", "{8335D62A-D2D0-4352-B98D-ADCC5C3A88BC}"
EndProject
Project("{FAE04EC0-301F-11D3-BF4B-00C04F79EFBC}") = "LilyPath", "LilyPath\LilyPath.csproj", "{5B297072-9E1D-4BA7-8643-5FAD71F24FBA}"
EndProject
Project("{2150E333-8FDC-42A3-9474-1A3956D46DE8}") = ".nuget", ".nuget", "{9A27A9CD-BF6B-4511-8A4F-BCBA10F50104}"
	ProjectSection(SolutionItems) = preProject
		.nuget\NuGet.Config = .nuget\NuGet.Config
		.nuget\NuGet.exe = .nuget\NuGet.exe
		.nuget\NuGet.targets = .nuget\NuGet.targets
	EndProjectSection
EndProject
Global
	GlobalSection(SolutionConfigurationPlatforms) = preSolution
		Ad-Hoc|Any CPU = Ad-Hoc|Any CPU
		Ad-Hoc|ARM = Ad-Hoc|ARM
		Ad-Hoc|iPhone = Ad-Hoc|iPhone
		Ad-Hoc|iPhoneSimulator = Ad-Hoc|iPhoneSimulator
		Ad-Hoc|Mixed Platforms = Ad-Hoc|Mixed Platforms
		Ad-Hoc|x86 = Ad-Hoc|x86
		AppStore|Any CPU = AppStore|Any CPU
		AppStore|ARM = AppStore|ARM
		AppStore|iPhone = AppStore|iPhone
		AppStore|iPhoneSimulator = AppStore|iPhoneSimulator
		AppStore|Mixed Platforms = AppStore|Mixed Platforms
		AppStore|x86 = AppStore|x86
		Debug|Any CPU = Debug|Any CPU
		Debug|ARM = Debug|ARM
		Debug|iPhone = Debug|iPhone
		Debug|iPhoneSimulator = Debug|iPhoneSimulator
		Debug|Mixed Platforms = Debug|Mixed Platforms
		Debug|x86 = Debug|x86
		Release|Any CPU = Release|Any CPU
		Release|ARM = Release|ARM
		Release|iPhone = Release|iPhone
		Release|iPhoneSimulator = Release|iPhoneSimulator
		Release|Mixed Platforms = Release|Mixed Platforms
		Release|x86 = Release|x86
	EndGlobalSection
	GlobalSection(ProjectConfigurationPlatforms) = postSolution
		{1C763A55-45FB-41EB-8C92-BDDFC0627309}.Ad-Hoc|Any CPU.ActiveCfg = Release|Any CPU
		{1C763A55-45FB-41EB-8C92-BDDFC0627309}.Ad-Hoc|Any CPU.Build.0 = Release|Any CPU
		{1C763A55-45FB-41EB-8C92-BDDFC0627309}.Ad-Hoc|ARM.ActiveCfg = Release|Any CPU
		{1C763A55-45FB-41EB-8C92-BDDFC0627309}.Ad-Hoc|iPhone.ActiveCfg = Release|Any CPU
		{1C763A55-45FB-41EB-8C92-BDDFC0627309}.Ad-Hoc|iPhoneSimulator.ActiveCfg = Release|Any CPU
		{1C763A55-45FB-41EB-8C92-BDDFC0627309}.Ad-Hoc|Mixed Platforms.ActiveCfg = Release|Any CPU
		{1C763A55-45FB-41EB-8C92-BDDFC0627309}.Ad-Hoc|Mixed Platforms.Build.0 = Release|Any CPU
		{1C763A55-45FB-41EB-8C92-BDDFC0627309}.Ad-Hoc|x86.ActiveCfg = Release|Any CPU
		{1C763A55-45FB-41EB-8C92-BDDFC0627309}.AppStore|Any CPU.ActiveCfg = Release|Any CPU
		{1C763A55-45FB-41EB-8C92-BDDFC0627309}.AppStore|Any CPU.Build.0 = Release|Any CPU
		{1C763A55-45FB-41EB-8C92-BDDFC0627309}.AppStore|ARM.ActiveCfg = Release|Any CPU
		{1C763A55-45FB-41EB-8C92-BDDFC0627309}.AppStore|iPhone.ActiveCfg = Release|Any CPU
		{1C763A55-45FB-41EB-8C92-BDDFC0627309}.AppStore|iPhoneSimulator.ActiveCfg = Release|Any CPU
		{1C763A55-45FB-41EB-8C92-BDDFC0627309}.AppStore|Mixed Platforms.ActiveCfg = Release|Any CPU
		{1C763A55-45FB-41EB-8C92-BDDFC0627309}.AppStore|Mixed Platforms.Build.0 = Release|Any CPU
		{1C763A55-45FB-41EB-8C92-BDDFC0627309}.AppStore|x86.ActiveCfg = Release|Any CPU
		{1C763A55-45FB-41EB-8C92-BDDFC0627309}.Debug|Any CPU.ActiveCfg = Debug|Any CPU
		{1C763A55-45FB-41EB-8C92-BDDFC0627309}.Debug|Any CPU.Build.0 = Debug|Any CPU
		{1C763A55-45FB-41EB-8C92-BDDFC0627309}.Debug|ARM.ActiveCfg = Debug|Any CPU
		{1C763A55-45FB-41EB-8C92-BDDFC0627309}.Debug|iPhone.ActiveCfg = Debug|Any CPU
		{1C763A55-45FB-41EB-8C92-BDDFC0627309}.Debug|iPhoneSimulator.ActiveCfg = Debug|Any CPU
		{1C763A55-45FB-41EB-8C92-BDDFC0627309}.Debug|Mixed Platforms.ActiveCfg = Debug|Any CPU
		{1C763A55-45FB-41EB-8C92-BDDFC0627309}.Debug|Mixed Platforms.Build.0 = Debug|Any CPU
		{1C763A55-45FB-41EB-8C92-BDDFC0627309}.Debug|x86.ActiveCfg = Debug|Any CPU
		{1C763A55-45FB-41EB-8C92-BDDFC0627309}.Release|Any CPU.ActiveCfg = Release|Any CPU
		{1C763A55-45FB-41EB-8C92-BDDFC0627309}.Release|Any CPU.Build.0 = Release|Any CPU
		{1C763A55-45FB-41EB-8C92-BDDFC0627309}.Release|ARM.ActiveCfg = Release|Any CPU
		{1C763A55-45FB-41EB-8C92-BDDFC0627309}.Release|iPhone.ActiveCfg = Release|Any CPU
		{1C763A55-45FB-41EB-8C92-BDDFC0627309}.Release|iPhoneSimulator.ActiveCfg = Release|Any CPU
		{1C763A55-45FB-41EB-8C92-BDDFC0627309}.Release|Mixed Platforms.ActiveCfg = Release|Any CPU
		{1C763A55-45FB-41EB-8C92-BDDFC0627309}.Release|Mixed Platforms.Build.0 = Release|Any CPU
		{1C763A55-45FB-41EB-8C92-BDDFC0627309}.Release|x86.ActiveCfg = Release|Any CPU
		{5B297072-9E1D-4BA7-8643-5FAD71F24FBA}.Ad-Hoc|Any CPU.ActiveCfg = Release|Any CPU
		{5B297072-9E1D-4BA7-8643-5FAD71F24FBA}.Ad-Hoc|Any CPU.Build.0 = Release|Any CPU
		{5B297072-9E1D-4BA7-8643-5FAD71F24FBA}.Ad-Hoc|ARM.ActiveCfg = Release|Any CPU
		{5B297072-9E1D-4BA7-8643-5FAD71F24FBA}.Ad-Hoc|iPhone.ActiveCfg = Release|Any CPU
		{5B297072-9E1D-4BA7-8643-5FAD71F24FBA}.Ad-Hoc|iPhoneSimulator.ActiveCfg = Release|Any CPU
		{5B297072-9E1D-4BA7-8643-5FAD71F24FBA}.Ad-Hoc|Mixed Platforms.ActiveCfg = Release|Any CPU
		{5B297072-9E1D-4BA7-8643-5FAD71F24FBA}.Ad-Hoc|Mixed Platforms.Build.0 = Release|Any CPU
		{5B297072-9E1D-4BA7-8643-5FAD71F24FBA}.Ad-Hoc|x86.ActiveCfg = Release|Any CPU
		{5B297072-9E1D-4BA7-8643-5FAD71F24FBA}.AppStore|Any CPU.ActiveCfg = Release|Any CPU
		{5B297072-9E1D-4BA7-8643-5FAD71F24FBA}.AppStore|Any CPU.Build.0 = Release|Any CPU
		{5B297072-9E1D-4BA7-8643-5FAD71F24FBA}.AppStore|ARM.ActiveCfg = Release|Any CPU
		{5B297072-9E1D-4BA7-8643-5FAD71F24FBA}.AppStore|iPhone.ActiveCfg = Release|Any CPU
		{5B297072-9E1D-4BA7-8643-5FAD71F24FBA}.AppStore|iPhoneSimulator.ActiveCfg = Release|Any CPU
		{5B297072-9E1D-4BA7-8643-5FAD71F24FBA}.AppStore|Mixed Platforms.ActiveCfg = Release|Any CPU
		{5B297072-9E1D-4BA7-8643-5FAD71F24FBA}.AppStore|Mixed Platforms.Build.0 = Release|Any CPU
		{5B297072-9E1D-4BA7-8643-5FAD71F24FBA}.AppStore|x86.ActiveCfg = Release|Any CPU
		{5B297072-9E1D-4BA7-8643-5FAD71F24FBA}.Debug|Any CPU.ActiveCfg = Debug|Any CPU
		{5B297072-9E1D-4BA7-8643-5FAD71F24FBA}.Debug|Any CPU.Build.0 = Debug|Any CPU
		{5B297072-9E1D-4BA7-8643-5FAD71F24FBA}.Debug|ARM.ActiveCfg = Debug|Any CPU
		{5B297072-9E1D-4BA7-8643-5FAD71F24FBA}.Debug|iPhone.ActiveCfg = Debug|Any CPU
		{5B297072-9E1D-4BA7-8643-5FAD71F24FBA}.Debug|iPhoneSimulator.ActiveCfg = Debug|Any CPU
		{5B297072-9E1D-4BA7-8643-5FAD71F24FBA}.Debug|Mixed Platforms.ActiveCfg = Debug|Any CPU
		{5B297072-9E1D-4BA7-8643-5FAD71F24FBA}.Debug|Mixed Platforms.Build.0 = Debug|Any CPU
		{5B297072-9E1D-4BA7-8643-5FAD71F24FBA}.Debug|x86.ActiveCfg = Debug|Any CPU
		{5B297072-9E1D-4BA7-8643-5FAD71F24FBA}.Release|Any CPU.ActiveCfg = Release|Any CPU
		{5B297072-9E1D-4BA7-8643-5FAD71F24FBA}.Release|Any CPU.Build.0 = Release|Any CPU
		{5B297072-9E1D-4BA7-8643-5FAD71F24FBA}.Release|ARM.ActiveCfg = Release|Any CPU
		{5B297072-9E1D-4BA7-8643-5FAD71F24FBA}.Release|iPhone.ActiveCfg = Release|Any CPU
		{5B297072-9E1D-4BA7-8643-5FAD71F24FBA}.Release|iPhoneSimulator.ActiveCfg = Release|Any CPU
		{5B297072-9E1D-4BA7-8643-5FAD71F24FBA}.Release|Mixed Platforms.ActiveCfg = Release|Any CPU
		{5B297072-9E1D-4BA7-8643-5FAD71F24FBA}.Release|Mixed Platforms.Build.0 = Release|Any CPU
		{5B297072-9E1D-4BA7-8643-5FAD71F24FBA}.Release|x86.ActiveCfg = Release|Any CPU
		{6D02291C-9E9D-439C-9234-EABFDA1211AF}.Ad-Hoc|Any CPU.ActiveCfg = Release|Any CPU
		{6D02291C-9E9D-439C-9234-EABFDA1211AF}.Ad-Hoc|Any CPU.Build.0 = Release|Any CPU
		{6D02291C-9E9D-439C-9234-EABFDA1211AF}.Ad-Hoc|Any CPU.Deploy.0 = Release|Any CPU
		{6D02291C-9E9D-439C-9234-EABFDA1211AF}.Ad-Hoc|ARM.ActiveCfg = Release|Any CPU
		{6D02291C-9E9D-439C-9234-EABFDA1211AF}.Ad-Hoc|iPhone.ActiveCfg = Release|Any CPU
		{6D02291C-9E9D-439C-9234-EABFDA1211AF}.Ad-Hoc|iPhoneSimulator.ActiveCfg = Release|Any CPU
		{6D02291C-9E9D-439C-9234-EABFDA1211AF}.Ad-Hoc|Mixed Platforms.ActiveCfg = Release|Any CPU
		{6D02291C-9E9D-439C-9234-EABFDA1211AF}.Ad-Hoc|Mixed Platforms.Build.0 = Release|Any CPU
		{6D02291C-9E9D-439C-9234-EABFDA1211AF}.Ad-Hoc|Mixed Platforms.Deploy.0 = Release|Any CPU
		{6D02291C-9E9D-439C-9234-EABFDA1211AF}.Ad-Hoc|x86.ActiveCfg = Release|Any CPU
		{6D02291C-9E9D-439C-9234-EABFDA1211AF}.AppStore|Any CPU.ActiveCfg = Release|Any CPU
		{6D02291C-9E9D-439C-9234-EABFDA1211AF}.AppStore|Any CPU.Build.0 = Release|Any CPU
		{6D02291C-9E9D-439C-9234-EABFDA1211AF}.AppStore|Any CPU.Deploy.0 = Release|Any CPU
		{6D02291C-9E9D-439C-9234-EABFDA1211AF}.AppStore|ARM.ActiveCfg = Release|Any CPU
		{6D02291C-9E9D-439C-9234-EABFDA1211AF}.AppStore|iPhone.ActiveCfg = Release|Any CPU
		{6D02291C-9E9D-439C-9234-EABFDA1211AF}.AppStore|iPhoneSimulator.ActiveCfg = Release|Any CPU
		{6D02291C-9E9D-439C-9234-EABFDA1211AF}.AppStore|Mixed Platforms.ActiveCfg = Release|Any CPU
		{6D02291C-9E9D-439C-9234-EABFDA1211AF}.AppStore|Mixed Platforms.Build.0 = Release|Any CPU
		{6D02291C-9E9D-439C-9234-EABFDA1211AF}.AppStore|Mixed Platforms.Deploy.0 = Release|Any CPU
		{6D02291C-9E9D-439C-9234-EABFDA1211AF}.AppStore|x86.ActiveCfg = Release|Any CPU
		{6D02291C-9E9D-439C-9234-EABFDA1211AF}.Debug|Any CPU.ActiveCfg = Debug|Any CPU
		{6D02291C-9E9D-439C-9234-EABFDA1211AF}.Debug|Any CPU.Build.0 = Debug|Any CPU
		{6D02291C-9E9D-439C-9234-EABFDA1211AF}.Debug|Any CPU.Deploy.0 = Debug|Any CPU
		{6D02291C-9E9D-439C-9234-EABFDA1211AF}.Debug|ARM.ActiveCfg = Debug|Any CPU
		{6D02291C-9E9D-439C-9234-EABFDA1211AF}.Debug|iPhone.ActiveCfg = Debug|Any CPU
		{6D02291C-9E9D-439C-9234-EABFDA1211AF}.Debug|iPhoneSimulator.ActiveCfg = Debug|Any CPU
		{6D02291C-9E9D-439C-9234-EABFDA1211AF}.Debug|Mixed Platforms.ActiveCfg = Debug|Any CPU
		{6D02291C-9E9D-439C-9234-EABFDA1211AF}.Debug|Mixed Platforms.Build.0 = Debug|Any CPU
		{6D02291C-9E9D-439C-9234-EABFDA1211AF}.Debug|Mixed Platforms.Deploy.0 = Debug|Any CPU
		{6D02291C-9E9D-439C-9234-EABFDA1211AF}.Debug|x86.ActiveCfg = Debug|Any CPU
		{6D02291C-9E9D-439C-9234-EABFDA1211AF}.Release|Any CPU.ActiveCfg = Release|Any CPU
		{6D02291C-9E9D-439C-9234-EABFDA1211AF}.Release|Any CPU.Build.0 = Release|Any CPU
		{6D02291C-9E9D-439C-9234-EABFDA1211AF}.Release|Any CPU.Deploy.0 = Release|Any CPU
		{6D02291C-9E9D-439C-9234-EABFDA1211AF}.Release|ARM.ActiveCfg = Release|Any CPU
		{6D02291C-9E9D-439C-9234-EABFDA1211AF}.Release|iPhone.ActiveCfg = Release|Any CPU
		{6D02291C-9E9D-439C-9234-EABFDA1211AF}.Release|iPhoneSimulator.ActiveCfg = Release|Any CPU
		{6D02291C-9E9D-439C-9234-EABFDA1211AF}.Release|Mixed Platforms.ActiveCfg = Release|Any CPU
		{6D02291C-9E9D-439C-9234-EABFDA1211AF}.Release|Mixed Platforms.Build.0 = Release|Any CPU
		{6D02291C-9E9D-439C-9234-EABFDA1211AF}.Release|Mixed Platforms.Deploy.0 = Release|Any CPU
		{6D02291C-9E9D-439C-9234-EABFDA1211AF}.Release|x86.ActiveCfg = Release|Any CPU
		{8335D62A-D2D0-4352-B98D-ADCC5C3A88BC}.Ad-Hoc|Any CPU.ActiveCfg = Ad-Hoc|iPhone
		{8335D62A-D2D0-4352-B98D-ADCC5C3A88BC}.Ad-Hoc|ARM.ActiveCfg = Ad-Hoc|iPhone
		{8335D62A-D2D0-4352-B98D-ADCC5C3A88BC}.Ad-Hoc|iPhone.ActiveCfg = Ad-Hoc|iPhone
		{8335D62A-D2D0-4352-B98D-ADCC5C3A88BC}.Ad-Hoc|iPhone.Build.0 = Ad-Hoc|iPhone
		{8335D62A-D2D0-4352-B98D-ADCC5C3A88BC}.Ad-Hoc|iPhoneSimulator.ActiveCfg = Ad-Hoc|iPhoneSimulator
		{8335D62A-D2D0-4352-B98D-ADCC5C3A88BC}.Ad-Hoc|iPhoneSimulator.Build.0 = Ad-Hoc|iPhoneSimulator
		{8335D62A-D2D0-4352-B98D-ADCC5C3A88BC}.Ad-Hoc|Mixed Platforms.ActiveCfg = Ad-Hoc|iPhone
		{8335D62A-D2D0-4352-B98D-ADCC5C3A88BC}.Ad-Hoc|Mixed Platforms.Build.0 = Ad-Hoc|iPhone
		{8335D62A-D2D0-4352-B98D-ADCC5C3A88BC}.Ad-Hoc|x86.ActiveCfg = Ad-Hoc|iPhone
		{8335D62A-D2D0-4352-B98D-ADCC5C3A88BC}.AppStore|Any CPU.ActiveCfg = AppStore|iPhone
		{8335D62A-D2D0-4352-B98D-ADCC5C3A88BC}.AppStore|ARM.ActiveCfg = AppStore|iPhone
		{8335D62A-D2D0-4352-B98D-ADCC5C3A88BC}.AppStore|iPhone.ActiveCfg = AppStore|iPhone
		{8335D62A-D2D0-4352-B98D-ADCC5C3A88BC}.AppStore|iPhone.Build.0 = AppStore|iPhone
		{8335D62A-D2D0-4352-B98D-ADCC5C3A88BC}.AppStore|iPhoneSimulator.ActiveCfg = AppStore|iPhoneSimulator
		{8335D62A-D2D0-4352-B98D-ADCC5C3A88BC}.AppStore|iPhoneSimulator.Build.0 = AppStore|iPhoneSimulator
		{8335D62A-D2D0-4352-B98D-ADCC5C3A88BC}.AppStore|Mixed Platforms.ActiveCfg = AppStore|iPhone
		{8335D62A-D2D0-4352-B98D-ADCC5C3A88BC}.AppStore|Mixed Platforms.Build.0 = AppStore|iPhone
		{8335D62A-D2D0-4352-B98D-ADCC5C3A88BC}.AppStore|x86.ActiveCfg = AppStore|iPhone
		{8335D62A-D2D0-4352-B98D-ADCC5C3A88BC}.Debug|Any CPU.ActiveCfg = Debug|iPhone
		{8335D62A-D2D0-4352-B98D-ADCC5C3A88BC}.Debug|ARM.ActiveCfg = Debug|iPhone
		{8335D62A-D2D0-4352-B98D-ADCC5C3A88BC}.Debug|iPhone.ActiveCfg = Debug|iPhone
		{8335D62A-D2D0-4352-B98D-ADCC5C3A88BC}.Debug|iPhone.Build.0 = Debug|iPhone
		{8335D62A-D2D0-4352-B98D-ADCC5C3A88BC}.Debug|iPhoneSimulator.ActiveCfg = Debug|iPhoneSimulator
		{8335D62A-D2D0-4352-B98D-ADCC5C3A88BC}.Debug|iPhoneSimulator.Build.0 = Debug|iPhoneSimulator
		{8335D62A-D2D0-4352-B98D-ADCC5C3A88BC}.Debug|Mixed Platforms.ActiveCfg = Debug|iPhone
		{8335D62A-D2D0-4352-B98D-ADCC5C3A88BC}.Debug|Mixed Platforms.Build.0 = Debug|iPhone
		{8335D62A-D2D0-4352-B98D-ADCC5C3A88BC}.Debug|x86.ActiveCfg = Debug|iPhone
		{8335D62A-D2D0-4352-B98D-ADCC5C3A88BC}.Release|Any CPU.ActiveCfg = Release|iPhone
		{8335D62A-D2D0-4352-B98D-ADCC5C3A88BC}.Release|ARM.ActiveCfg = Release|iPhone
		{8335D62A-D2D0-4352-B98D-ADCC5C3A88BC}.Release|iPhone.ActiveCfg = Release|iPhone
		{8335D62A-D2D0-4352-B98D-ADCC5C3A88BC}.Release|iPhone.Build.0 = Release|iPhone
		{8335D62A-D2D0-4352-B98D-ADCC5C3A88BC}.Release|iPhoneSimulator.ActiveCfg = Release|iPhoneSimulator
		{8335D62A-D2D0-4352-B98D-ADCC5C3A88BC}.Release|iPhoneSimulator.Build.0 = Release|iPhoneSimulator
		{8335D62A-D2D0-4352-B98D-ADCC5C3A88BC}.Release|Mixed Platforms.ActiveCfg = Release|iPhone
		{8335D62A-D2D0-4352-B98D-ADCC5C3A88BC}.Release|Mixed Platforms.Build.0 = Release|iPhone
		{8335D62A-D2D0-4352-B98D-ADCC5C3A88BC}.Release|x86.ActiveCfg = Release|iPhone
		{C60AC4DE-6F81-4FF5-8ACC-DBBDF8E463D5}.Ad-Hoc|Any CPU.ActiveCfg = Release|Any CPU
		{C60AC4DE-6F81-4FF5-8ACC-DBBDF8E463D5}.Ad-Hoc|Any CPU.Build.0 = Release|Any CPU
		{C60AC4DE-6F81-4FF5-8ACC-DBBDF8E463D5}.Ad-Hoc|Any CPU.Deploy.0 = Release|Any CPU
		{C60AC4DE-6F81-4FF5-8ACC-DBBDF8E463D5}.Ad-Hoc|ARM.ActiveCfg = Release|ARM
		{C60AC4DE-6F81-4FF5-8ACC-DBBDF8E463D5}.Ad-Hoc|ARM.Build.0 = Release|ARM
		{C60AC4DE-6F81-4FF5-8ACC-DBBDF8E463D5}.Ad-Hoc|ARM.Deploy.0 = Release|ARM
		{C60AC4DE-6F81-4FF5-8ACC-DBBDF8E463D5}.Ad-Hoc|iPhone.ActiveCfg = Release|Any CPU
		{C60AC4DE-6F81-4FF5-8ACC-DBBDF8E463D5}.Ad-Hoc|iPhoneSimulator.ActiveCfg = Release|Any CPU
		{C60AC4DE-6F81-4FF5-8ACC-DBBDF8E463D5}.Ad-Hoc|Mixed Platforms.ActiveCfg = Release|x86
		{C60AC4DE-6F81-4FF5-8ACC-DBBDF8E463D5}.Ad-Hoc|Mixed Platforms.Build.0 = Release|x86
		{C60AC4DE-6F81-4FF5-8ACC-DBBDF8E463D5}.Ad-Hoc|Mixed Platforms.Deploy.0 = Release|x86
		{C60AC4DE-6F81-4FF5-8ACC-DBBDF8E463D5}.Ad-Hoc|x86.ActiveCfg = Release|x86
		{C60AC4DE-6F81-4FF5-8ACC-DBBDF8E463D5}.Ad-Hoc|x86.Build.0 = Release|x86
		{C60AC4DE-6F81-4FF5-8ACC-DBBDF8E463D5}.Ad-Hoc|x86.Deploy.0 = Release|x86
		{C60AC4DE-6F81-4FF5-8ACC-DBBDF8E463D5}.AppStore|Any CPU.ActiveCfg = Release|Any CPU
		{C60AC4DE-6F81-4FF5-8ACC-DBBDF8E463D5}.AppStore|Any CPU.Build.0 = Release|Any CPU
		{C60AC4DE-6F81-4FF5-8ACC-DBBDF8E463D5}.AppStore|Any CPU.Deploy.0 = Release|Any CPU
		{C60AC4DE-6F81-4FF5-8ACC-DBBDF8E463D5}.AppStore|ARM.ActiveCfg = Release|ARM
		{C60AC4DE-6F81-4FF5-8ACC-DBBDF8E463D5}.AppStore|ARM.Build.0 = Release|ARM
		{C60AC4DE-6F81-4FF5-8ACC-DBBDF8E463D5}.AppStore|ARM.Deploy.0 = Release|ARM
		{C60AC4DE-6F81-4FF5-8ACC-DBBDF8E463D5}.AppStore|iPhone.ActiveCfg = Release|Any CPU
		{C60AC4DE-6F81-4FF5-8ACC-DBBDF8E463D5}.AppStore|iPhoneSimulator.ActiveCfg = Release|Any CPU
		{C60AC4DE-6F81-4FF5-8ACC-DBBDF8E463D5}.AppStore|Mixed Platforms.ActiveCfg = Release|x86
		{C60AC4DE-6F81-4FF5-8ACC-DBBDF8E463D5}.AppStore|Mixed Platforms.Build.0 = Release|x86
		{C60AC4DE-6F81-4FF5-8ACC-DBBDF8E463D5}.AppStore|Mixed Platforms.Deploy.0 = Release|x86
		{C60AC4DE-6F81-4FF5-8ACC-DBBDF8E463D5}.AppStore|x86.ActiveCfg = Release|x86
		{C60AC4DE-6F81-4FF5-8ACC-DBBDF8E463D5}.AppStore|x86.Build.0 = Release|x86
		{C60AC4DE-6F81-4FF5-8ACC-DBBDF8E463D5}.AppStore|x86.Deploy.0 = Release|x86
		{C60AC4DE-6F81-4FF5-8ACC-DBBDF8E463D5}.Debug|Any CPU.ActiveCfg = Debug|Any CPU
		{C60AC4DE-6F81-4FF5-8ACC-DBBDF8E463D5}.Debug|Any CPU.Build.0 = Debug|Any CPU
		{C60AC4DE-6F81-4FF5-8ACC-DBBDF8E463D5}.Debug|Any CPU.Deploy.0 = Debug|Any CPU
		{C60AC4DE-6F81-4FF5-8ACC-DBBDF8E463D5}.Debug|ARM.ActiveCfg = Debug|ARM
		{C60AC4DE-6F81-4FF5-8ACC-DBBDF8E463D5}.Debug|ARM.Build.0 = Debug|ARM
		{C60AC4DE-6F81-4FF5-8ACC-DBBDF8E463D5}.Debug|ARM.Deploy.0 = Debug|ARM
		{C60AC4DE-6F81-4FF5-8ACC-DBBDF8E463D5}.Debug|iPhone.ActiveCfg = Debug|Any CPU
		{C60AC4DE-6F81-4FF5-8ACC-DBBDF8E463D5}.Debug|iPhoneSimulator.ActiveCfg = Debug|Any CPU
		{C60AC4DE-6F81-4FF5-8ACC-DBBDF8E463D5}.Debug|Mixed Platforms.ActiveCfg = Debug|x86
		{C60AC4DE-6F81-4FF5-8ACC-DBBDF8E463D5}.Debug|Mixed Platforms.Build.0 = Debug|x86
		{C60AC4DE-6F81-4FF5-8ACC-DBBDF8E463D5}.Debug|Mixed Platforms.Deploy.0 = Debug|x86
		{C60AC4DE-6F81-4FF5-8ACC-DBBDF8E463D5}.Debug|x86.ActiveCfg = Debug|x86
		{C60AC4DE-6F81-4FF5-8ACC-DBBDF8E463D5}.Debug|x86.Build.0 = Debug|x86
		{C60AC4DE-6F81-4FF5-8ACC-DBBDF8E463D5}.Debug|x86.Deploy.0 = Debug|x86
		{C60AC4DE-6F81-4FF5-8ACC-DBBDF8E463D5}.Release|Any CPU.ActiveCfg = Release|Any CPU
		{C60AC4DE-6F81-4FF5-8ACC-DBBDF8E463D5}.Release|Any CPU.Build.0 = Release|Any CPU
		{C60AC4DE-6F81-4FF5-8ACC-DBBDF8E463D5}.Release|Any CPU.Deploy.0 = Release|Any CPU
		{C60AC4DE-6F81-4FF5-8ACC-DBBDF8E463D5}.Release|ARM.ActiveCfg = Release|ARM
		{C60AC4DE-6F81-4FF5-8ACC-DBBDF8E463D5}.Release|ARM.Build.0 = Release|ARM
		{C60AC4DE-6F81-4FF5-8ACC-DBBDF8E463D5}.Release|ARM.Deploy.0 = Release|ARM
		{C60AC4DE-6F81-4FF5-8ACC-DBBDF8E463D5}.Release|iPhone.ActiveCfg = Release|Any CPU
		{C60AC4DE-6F81-4FF5-8ACC-DBBDF8E463D5}.Release|iPhoneSimulator.ActiveCfg = Release|Any CPU
		{C60AC4DE-6F81-4FF5-8ACC-DBBDF8E463D5}.Release|Mixed Platforms.ActiveCfg = Release|x86
		{C60AC4DE-6F81-4FF5-8ACC-DBBDF8E463D5}.Release|Mixed Platforms.Build.0 = Release|x86
		{C60AC4DE-6F81-4FF5-8ACC-DBBDF8E463D5}.Release|Mixed Platforms.Deploy.0 = Release|x86
		{C60AC4DE-6F81-4FF5-8ACC-DBBDF8E463D5}.Release|x86.ActiveCfg = Release|x86
		{C60AC4DE-6F81-4FF5-8ACC-DBBDF8E463D5}.Release|x86.Build.0 = Release|x86
		{C60AC4DE-6F81-4FF5-8ACC-DBBDF8E463D5}.Release|x86.Deploy.0 = Release|x86
	EndGlobalSection
	GlobalSection(NestedProjects) = preSolution
	EndGlobalSection
	GlobalSection(SolutionProperties) = preSolution
		HideSolutionNode = FALSE
	EndGlobalSection
EndGlobal
